PODS:
  - AFNetworking (2.3.1):
    - AFNetworking/NSURLConnection (= 2.3.1)
    - AFNetworking/NSURLSession (= 2.3.1)
    - AFNetworking/Reachability (= 2.3.1)
    - AFNetworking/Security (= 2.3.1)
    - AFNetworking/Serialization (= 2.3.1)
    - AFNetworking/UIKit (= 2.3.1)
  - AFNetworking/NSURLConnection (2.3.1):
    - AFNetworking/Reachability
    - AFNetworking/Security
    - AFNetworking/Serialization
  - AFNetworking/NSURLSession (2.3.1):
    - AFNetworking/Reachability
    - AFNetworking/Security
    - AFNetworking/Serialization
  - AFNetworking/Reachability (2.3.1)
  - AFNetworking/Security (2.3.1)
  - AFNetworking/Serialization (2.3.1)
  - AFNetworking/UIKit (2.3.1):
    - AFNetworking/NSURLConnection
    - AFNetworking/NSURLSession
  - AlgoliaSearch-Client (3.4.3):
    - AFNetworking (~> 2.2)
  - MBProgressHUD (0.8)
  - MGEvents (1.0.3)
  - SGHTTPRequest (1.0.3):
    - AFNetworking
  - SGImageCache (1.2.0):
    - MGEvents
    - SGHTTPRequest
    - SGImageCache/base (= 1.2.0)
  - SGImageCache/base (1.2.0):
    - MGEvents
    - SGHTTPRequest

DEPENDENCIES:
  - AFNetworking (~> 2.2)
  - AlgoliaSearch-Client (~> 3.0)
  - MBProgressHUD (~> 0.8)
  - SGImageCache

SPEC CHECKSUMS:
  AFNetworking: 05b9f6e3aa5ac45bc383b4bb108ef338080a26c7
  AlgoliaSearch-Client: a6aa25fef1af9db992a4d392fbf7f4c08f5ec774
  MBProgressHUD: 8688c331cb64702283be37ab8d7d329cdd25f251
  MGEvents: 739ea3e582a8df05bd1044500c7fb6d8f7aff5c8
  SGHTTPRequest: 1f92e8a164a4d732fb4db8322320e3a33bff19d0
  SGImageCache: 484258fba14d6b48b1609c279edbd9deddc1b70d

COCOAPODS: 0.36.3
