// !$*UTF8*$!
{
	archiveVersion = 1;
	classes = {
	};
	objectVersion = 46;
	objects = {

/* Begin PBXBuildFile section */
		273C203826C44A489B4BC08C /* libPods.a in Frameworks */ = {isa = PBXBuildFile; fileRef = DE8247FA37024A189440AC3C /* libPods.a */; };
		281CA8CC1951EC7E00E6BE96 /* Foundation.framework in Frameworks */ = {isa = PBXBuildFile; fileRef = 281CA8CB1951EC7E00E6BE96 /* Foundation.framework */; };
		281CA8CE1951EC7E00E6BE96 /* CoreGraphics.framework in Frameworks */ = {isa = PBXBuildFile; fileRef = 281CA8CD1951EC7E00E6BE96 /* CoreGraphics.framework */; };
		281CA8D01951EC7E00E6BE96 /* UIKit.framework in Frameworks */ = {isa = PBXBuildFile; fileRef = 281CA8CF1951EC7E00E6BE96 /* UIKit.framework */; };
		281CA8D61951EC7E00E6BE96 /* InfoPlist.strings in Resources */ = {isa = PBXBuildFile; fileRef = 281CA8D41951EC7E00E6BE96 /* InfoPlist.strings */; };
		281CA8D81951EC7E00E6BE96 /* main.m in Sources */ = {isa = PBXBuildFile; fileRef = 281CA8D71951EC7E00E6BE96 /* main.m */; };
		281CA8DC1951EC7E00E6BE96 /* LXAppDelegate.m in Sources */ = {isa = PBXBuildFile; fileRef = 281CA8DB1951EC7E00E6BE96 /* LXAppDelegate.m */; };
		281CA8DF1951EC7E00E6BE96 /* Main.storyboard in Resources */ = {isa = PBXBuildFile; fileRef = 281CA8DD1951EC7E00E6BE96 /* Main.storyboard */; };
		281CA8E71951EC7E00E6BE96 /* Images.xcassets in Resources */ = {isa = PBXBuildFile; fileRef = 281CA8E61951EC7E00E6BE96 /* Images.xcassets */; };
		281CA8EE1951EC7E00E6BE96 /* XCTest.framework in Frameworks */ = {isa = PBXBuildFile; fileRef = 281CA8ED1951EC7E00E6BE96 /* XCTest.framework */; };
		281CA8EF1951EC7E00E6BE96 /* Foundation.framework in Frameworks */ = {isa = PBXBuildFile; fileRef = 281CA8CB1951EC7E00E6BE96 /* Foundation.framework */; };
		281CA8F01951EC7E00E6BE96 /* UIKit.framework in Frameworks */ = {isa = PBXBuildFile; fileRef = 281CA8CF1951EC7E00E6BE96 /* UIKit.framework */; };
		281CA8F81951EC7E00E6BE96 /* InfoPlist.strings in Resources */ = {isa = PBXBuildFile; fileRef = 281CA8F61951EC7E00E6BE96 /* InfoPlist.strings */; };
		281CA8FA1951EC7E00E6BE96 /* HippocampusTests.m in Sources */ = {isa = PBXBuildFile; fileRef = 281CA8F91951EC7E00E6BE96 /* HippocampusTests.m */; };
		281CA90B1951ECBA00E6BE96 /* LXServer.m in Sources */ = {isa = PBXBuildFile; fileRef = 281CA9081951ECBA00E6BE96 /* LXServer.m */; };
		281CA90C1951ECBA00E6BE96 /* LXSession.m in Sources */ = {isa = PBXBuildFile; fileRef = 281CA90A1951ECBA00E6BE96 /* LXSession.m */; };
		281CA90E1951F34A00E6BE96 /* CoreData.framework in Frameworks */ = {isa = PBXBuildFile; fileRef = 281CA90D1951F34A00E6BE96 /* CoreData.framework */; };
		281CA9111951F36700E6BE96 /* Model.xcdatamodeld in Sources */ = {isa = PBXBuildFile; fileRef = 281CA90F1951F36700E6BE96 /* Model.xcdatamodeld */; };
		281CA9141951F4F800E6BE96 /* HCUser.m in Sources */ = {isa = PBXBuildFile; fileRef = 281CA9131951F4F800E6BE96 /* HCUser.m */; };
		281CA91A1951F4F900E6BE96 /* HCItem.m in Sources */ = {isa = PBXBuildFile; fileRef = 281CA9191951F4F900E6BE96 /* HCItem.m */; };
		281CA91E196C29E500E6BE96 /* 256-box2.png in Resources */ = {isa = PBXBuildFile; fileRef = 281CA91C196C29E500E6BE96 /* 256-box2.png */; };
		281CA91F196C29E500E6BE96 /* 256-box2@2x.png in Resources */ = {isa = PBXBuildFile; fileRef = 281CA91D196C29E500E6BE96 /* 256-box2@2x.png */; };
		281CA922196C29F800E6BE96 /* 179-notepad.png in Resources */ = {isa = PBXBuildFile; fileRef = 281CA920196C29F800E6BE96 /* 179-notepad.png */; };
		281CA923196C29F800E6BE96 /* 179-notepad@2x.png in Resources */ = {isa = PBXBuildFile; fileRef = 281CA921196C29F800E6BE96 /* 179-notepad@2x.png */; };
		281CA925196C2B9100E6BE96 /* Login.storyboard in Resources */ = {isa = PBXBuildFile; fileRef = 281CA924196C2B9100E6BE96 /* Login.storyboard */; };
		281CA929196C2C2900E6BE96 /* HCLoginViewController.m in Sources */ = {isa = PBXBuildFile; fileRef = 281CA928196C2C2900E6BE96 /* HCLoginViewController.m */; };
		281CA92D196C309E00E6BE96 /* HCMainTabBarController.m in Sources */ = {isa = PBXBuildFile; fileRef = 281CA92C196C309E00E6BE96 /* HCMainTabBarController.m */; };
		281CA930196C3C9400E6BE96 /* HCBucket.m in Sources */ = {isa = PBXBuildFile; fileRef = 281CA92F196C3C9400E6BE96 /* HCBucket.m */; };
		281CA934196C457500E6BE96 /* HCNotesTableViewController.m in Sources */ = {isa = PBXBuildFile; fileRef = 281CA933196C457500E6BE96 /* HCNotesTableViewController.m */; };
		281CA937196C458400E6BE96 /* HCBucketsTableViewController.m in Sources */ = {isa = PBXBuildFile; fileRef = 281CA936196C458400E6BE96 /* HCBucketsTableViewController.m */; };
		281CA93B196C87B800E6BE96 /* HCSearchTableViewController.m in Sources */ = {isa = PBXBuildFile; fileRef = 281CA93A196C87B800E6BE96 /* HCSearchTableViewController.m */; };
		281CA93F196C8D0500E6BE96 /* HCItemTableViewController.m in Sources */ = {isa = PBXBuildFile; fileRef = 281CA93E196C8D0500E6BE96 /* HCItemTableViewController.m */; };
		281CA943196C8DCD00E6BE96 /* HCBucketTableViewController.m in Sources */ = {isa = PBXBuildFile; fileRef = 281CA942196C8DCD00E6BE96 /* HCBucketTableViewController.m */; };
		281CA946196CA18E00E6BE96 /* HCNewBucketTableViewController.m in Sources */ = {isa = PBXBuildFile; fileRef = 281CA945196CA18E00E6BE96 /* HCNewBucketTableViewController.m */; };
		281CA949196CA22100E6BE96 /* HCNewItemTableViewController.m in Sources */ = {isa = PBXBuildFile; fileRef = 281CA948196CA22100E6BE96 /* HCNewItemTableViewController.m */; };
		281CA94C196D9EE100E6BE96 /* HCNewBucketIITableViewController.m in Sources */ = {isa = PBXBuildFile; fileRef = 281CA94B196D9EE100E6BE96 /* HCNewBucketIITableViewController.m */; };
		281CA950196DB62A00E6BE96 /* LXDate+RailsTimeConverter.m in Sources */ = {isa = PBXBuildFile; fileRef = 281CA94F196DB62A00E6BE96 /* LXDate+RailsTimeConverter.m */; };
		2827B84A1970B6DA00F595D9 /* HCReminderViewController.m in Sources */ = {isa = PBXBuildFile; fileRef = 2827B8491970B6D900F595D9 /* HCReminderViewController.m */; };
		283700891A6F199600C16E87 /* LXTokenViewController.m in Sources */ = {isa = PBXBuildFile; fileRef = 283700881A6F199600C16E87 /* LXTokenViewController.m */; };
		2837008C1A6F34F000C16E87 /* 06-magnify.png in Resources */ = {isa = PBXBuildFile; fileRef = 2837008A1A6F34F000C16E87 /* 06-magnify.png */; };
		2837008D1A6F34F000C16E87 /* 06-magnify@2x.png in Resources */ = {isa = PBXBuildFile; fileRef = 2837008B1A6F34F000C16E87 /* 06-magnify@2x.png */; };
		283700901A6F366E00C16E87 /* 122-stats.png in Resources */ = {isa = PBXBuildFile; fileRef = 2837008E1A6F366E00C16E87 /* 122-stats.png */; };
		283700911A6F366E00C16E87 /* 122-stats@2x.png in Resources */ = {isa = PBXBuildFile; fileRef = 2837008F1A6F366E00C16E87 /* 122-stats@2x.png */; };
		283700941A6F371800C16E87 /* LXMoreTableViewController.m in Sources */ = {isa = PBXBuildFile; fileRef = 283700931A6F371800C16E87 /* LXMoreTableViewController.m */; };
		28431DDC1A8D692E00B12548 /* 11-clock.png in Resources */ = {isa = PBXBuildFile; fileRef = 28431DDA1A8D692E00B12548 /* 11-clock.png */; };
		28431DDD1A8D692E00B12548 /* 11-clock@2x.png in Resources */ = {isa = PBXBuildFile; fileRef = 28431DDB1A8D692E00B12548 /* 11-clock@2x.png */; };
		28431DE01A8D69BA00B12548 /* 78-stopwatch.png in Resources */ = {isa = PBXBuildFile; fileRef = 28431DDE1A8D69BA00B12548 /* 78-stopwatch.png */; };
		28431DE11A8D69BA00B12548 /* 78-stopwatch@2x.png in Resources */ = {isa = PBXBuildFile; fileRef = 28431DDF1A8D69BA00B12548 /* 78-stopwatch@2x.png */; };
		288433BF1A8BD3AA0059FCE1 /* HCItemPageViewController.m in Sources */ = {isa = PBXBuildFile; fileRef = 288433BE1A8BD3AA0059FCE1 /* HCItemPageViewController.m */; };
		288433C21A8BD45E0059FCE1 /* HCContainerViewController.m in Sources */ = {isa = PBXBuildFile; fileRef = 288433C11A8BD45E0059FCE1 /* HCContainerViewController.m */; };
		28A0857C1A700CB200BA1368 /* LXString+NSString.m in Sources */ = {isa = PBXBuildFile; fileRef = 28A0857B1A700CB200BA1368 /* LXString+NSString.m */; };
		28BD3EAC196F3F6700BBF5B0 /* HCSelectBucketTableViewController.m in Sources */ = {isa = PBXBuildFile; fileRef = 28BD3EAB196F3F6700BBF5B0 /* HCSelectBucketTableViewController.m */; };
		28BD3EAF196F519B00BBF5B0 /* NSArray+Alphabet.m in Sources */ = {isa = PBXBuildFile; fileRef = 28BD3EAE196F519B00BBF5B0 /* NSArray+Alphabet.m */; };
		76379FD51A8904F700D19E64 /* camera.png in Resources */ = {isa = PBXBuildFile; fileRef = 76379FD41A8904F700D19E64 /* camera.png */; };
		76BB952619784012002288E0 /* HCEditItemViewController.m in Sources */ = {isa = PBXBuildFile; fileRef = 76BB952519784012002288E0 /* HCEditItemViewController.m */; };
		76BFE0721A7C0662005AD98C /* Introduction.storyboard in Resources */ = {isa = PBXBuildFile; fileRef = 76BFE0711A7C0662005AD98C /* Introduction.storyboard */; };
		76BFE0761A7C0FA8005AD98C /* HCIntroductionViewController.m in Sources */ = {isa = PBXBuildFile; fileRef = 76BFE0751A7C0FA8005AD98C /* HCIntroductionViewController.m */; };
		76BFE0791A7C1015005AD98C /* HCIntroductionQuestionViewController.m in Sources */ = {isa = PBXBuildFile; fileRef = 76BFE0781A7C1015005AD98C /* HCIntroductionQuestionViewController.m */; };
		76E6A1FD1A8BCFFA00B3669B /* LXRemindersViewController.m in Sources */ = {isa = PBXBuildFile; fileRef = 76E6A1FC1A8BCFFA00B3669B /* LXRemindersViewController.m */; };
		76FBBD861A800F4300CAF765 /* HCIntroductionFailureViewController.m in Sources */ = {isa = PBXBuildFile; fileRef = 76FBBD851A800F4300CAF765 /* HCIntroductionFailureViewController.m */; };
		76FBBD881A80122A00CAF765 /* Messages.storyboard in Resources */ = {isa = PBXBuildFile; fileRef = 76FBBD871A80122A00CAF765 /* Messages.storyboard */; };
		76FBBD8B1A813D7D00CAF765 /* HCBucketViewController.m in Sources */ = {isa = PBXBuildFile; fileRef = 76FBBD8A1A813D7D00CAF765 /* HCBucketViewController.m */; };
/* End PBXBuildFile section */

/* Begin PBXContainerItemProxy section */
		281CA8F11951EC7E00E6BE96 /* PBXContainerItemProxy */ = {
			isa = PBXContainerItemProxy;
			containerPortal = 281CA8C01951EC7E00E6BE96 /* Project object */;
			proxyType = 1;
			remoteGlobalIDString = 281CA8C71951EC7E00E6BE96;
			remoteInfo = Hippocampus;
		};
/* End PBXContainerItemProxy section */

/* Begin PBXFileReference section */
		281CA8C81951EC7E00E6BE96 /* Hippocampus.app */ = {isa = PBXFileReference; explicitFileType = wrapper.application; includeInIndex = 0; path = Hippocampus.app; sourceTree = BUILT_PRODUCTS_DIR; };
		281CA8CB1951EC7E00E6BE96 /* Foundation.framework */ = {isa = PBXFileReference; lastKnownFileType = wrapper.framework; name = Foundation.framework; path = System/Library/Frameworks/Foundation.framework; sourceTree = SDKROOT; };
		281CA8CD1951EC7E00E6BE96 /* CoreGraphics.framework */ = {isa = PBXFileReference; lastKnownFileType = wrapper.framework; name = CoreGraphics.framework; path = System/Library/Frameworks/CoreGraphics.framework; sourceTree = SDKROOT; };
		281CA8CF1951EC7E00E6BE96 /* UIKit.framework */ = {isa = PBXFileReference; lastKnownFileType = wrapper.framework; name = UIKit.framework; path = System/Library/Frameworks/UIKit.framework; sourceTree = SDKROOT; };
		281CA8D31951EC7E00E6BE96 /* Hippocampus-Info.plist */ = {isa = PBXFileReference; lastKnownFileType = text.plist.xml; path = "Hippocampus-Info.plist"; sourceTree = "<group>"; };
		281CA8D51951EC7E00E6BE96 /* en */ = {isa = PBXFileReference; lastKnownFileType = text.plist.strings; name = en; path = en.lproj/InfoPlist.strings; sourceTree = "<group>"; };
		281CA8D71951EC7E00E6BE96 /* main.m */ = {isa = PBXFileReference; lastKnownFileType = sourcecode.c.objc; path = main.m; sourceTree = "<group>"; };
		281CA8D91951EC7E00E6BE96 /* Hippocampus-Prefix.pch */ = {isa = PBXFileReference; lastKnownFileType = sourcecode.c.h; path = "Hippocampus-Prefix.pch"; sourceTree = "<group>"; };
		281CA8DA1951EC7E00E6BE96 /* LXAppDelegate.h */ = {isa = PBXFileReference; lastKnownFileType = sourcecode.c.h; path = LXAppDelegate.h; sourceTree = "<group>"; };
		281CA8DB1951EC7E00E6BE96 /* LXAppDelegate.m */ = {isa = PBXFileReference; lastKnownFileType = sourcecode.c.objc; path = LXAppDelegate.m; sourceTree = "<group>"; };
		281CA8DE1951EC7E00E6BE96 /* Base */ = {isa = PBXFileReference; lastKnownFileType = file.storyboard; name = Base; path = Base.lproj/Main.storyboard; sourceTree = "<group>"; };
		281CA8E61951EC7E00E6BE96 /* Images.xcassets */ = {isa = PBXFileReference; lastKnownFileType = folder.assetcatalog; path = Images.xcassets; sourceTree = "<group>"; };
		281CA8EC1951EC7E00E6BE96 /* HippocampusTests.xctest */ = {isa = PBXFileReference; explicitFileType = wrapper.cfbundle; includeInIndex = 0; path = HippocampusTests.xctest; sourceTree = BUILT_PRODUCTS_DIR; };
		281CA8ED1951EC7E00E6BE96 /* XCTest.framework */ = {isa = PBXFileReference; lastKnownFileType = wrapper.framework; name = XCTest.framework; path = Library/Frameworks/XCTest.framework; sourceTree = DEVELOPER_DIR; };
		281CA8F51951EC7E00E6BE96 /* HippocampusTests-Info.plist */ = {isa = PBXFileReference; lastKnownFileType = text.plist.xml; path = "HippocampusTests-Info.plist"; sourceTree = "<group>"; };
		281CA8F71951EC7E00E6BE96 /* en */ = {isa = PBXFileReference; lastKnownFileType = text.plist.strings; name = en; path = en.lproj/InfoPlist.strings; sourceTree = "<group>"; };
		281CA8F91951EC7E00E6BE96 /* HippocampusTests.m */ = {isa = PBXFileReference; lastKnownFileType = sourcecode.c.objc; path = HippocampusTests.m; sourceTree = "<group>"; };
		281CA9071951ECBA00E6BE96 /* LXServer.h */ = {isa = PBXFileReference; fileEncoding = 4; lastKnownFileType = sourcecode.c.h; path = LXServer.h; sourceTree = "<group>"; };
		281CA9081951ECBA00E6BE96 /* LXServer.m */ = {isa = PBXFileReference; fileEncoding = 4; lastKnownFileType = sourcecode.c.objc; path = LXServer.m; sourceTree = "<group>"; };
		281CA9091951ECBA00E6BE96 /* LXSession.h */ = {isa = PBXFileReference; fileEncoding = 4; lastKnownFileType = sourcecode.c.h; path = LXSession.h; sourceTree = "<group>"; };
		281CA90A1951ECBA00E6BE96 /* LXSession.m */ = {isa = PBXFileReference; fileEncoding = 4; lastKnownFileType = sourcecode.c.objc; path = LXSession.m; sourceTree = "<group>"; };
		281CA90D1951F34A00E6BE96 /* CoreData.framework */ = {isa = PBXFileReference; lastKnownFileType = wrapper.framework; name = CoreData.framework; path = System/Library/Frameworks/CoreData.framework; sourceTree = SDKROOT; };
		281CA9101951F36700E6BE96 /* Model.xcdatamodel */ = {isa = PBXFileReference; lastKnownFileType = wrapper.xcdatamodel; path = Model.xcdatamodel; sourceTree = "<group>"; };
		281CA9121951F4F800E6BE96 /* HCUser.h */ = {isa = PBXFileReference; fileEncoding = 4; lastKnownFileType = sourcecode.c.h; path = HCUser.h; sourceTree = "<group>"; };
		281CA9131951F4F800E6BE96 /* HCUser.m */ = {isa = PBXFileReference; fileEncoding = 4; lastKnownFileType = sourcecode.c.objc; path = HCUser.m; sourceTree = "<group>"; };
		281CA9181951F4F900E6BE96 /* HCItem.h */ = {isa = PBXFileReference; fileEncoding = 4; lastKnownFileType = sourcecode.c.h; path = HCItem.h; sourceTree = "<group>"; };
		281CA9191951F4F900E6BE96 /* HCItem.m */ = {isa = PBXFileReference; fileEncoding = 4; lastKnownFileType = sourcecode.c.objc; path = HCItem.m; sourceTree = "<group>"; };
		281CA91C196C29E500E6BE96 /* 256-box2.png */ = {isa = PBXFileReference; lastKnownFileType = image.png; path = "256-box2.png"; sourceTree = "<group>"; };
		281CA91D196C29E500E6BE96 /* 256-box2@2x.png */ = {isa = PBXFileReference; lastKnownFileType = image.png; path = "256-box2@2x.png"; sourceTree = "<group>"; };
		281CA920196C29F800E6BE96 /* 179-notepad.png */ = {isa = PBXFileReference; lastKnownFileType = image.png; path = "179-notepad.png"; sourceTree = "<group>"; };
		281CA921196C29F800E6BE96 /* 179-notepad@2x.png */ = {isa = PBXFileReference; lastKnownFileType = image.png; path = "179-notepad@2x.png"; sourceTree = "<group>"; };
		281CA924196C2B9100E6BE96 /* Login.storyboard */ = {isa = PBXFileReference; fileEncoding = 4; lastKnownFileType = file.storyboard; path = Login.storyboard; sourceTree = "<group>"; };
		281CA927196C2C2900E6BE96 /* HCLoginViewController.h */ = {isa = PBXFileReference; fileEncoding = 4; lastKnownFileType = sourcecode.c.h; path = HCLoginViewController.h; sourceTree = "<group>"; };
		281CA928196C2C2900E6BE96 /* HCLoginViewController.m */ = {isa = PBXFileReference; fileEncoding = 4; lastKnownFileType = sourcecode.c.objc; path = HCLoginViewController.m; sourceTree = "<group>"; };
		281CA92B196C309E00E6BE96 /* HCMainTabBarController.h */ = {isa = PBXFileReference; fileEncoding = 4; lastKnownFileType = sourcecode.c.h; path = HCMainTabBarController.h; sourceTree = "<group>"; };
		281CA92C196C309E00E6BE96 /* HCMainTabBarController.m */ = {isa = PBXFileReference; fileEncoding = 4; lastKnownFileType = sourcecode.c.objc; path = HCMainTabBarController.m; sourceTree = "<group>"; };
		281CA92E196C3C9400E6BE96 /* HCBucket.h */ = {isa = PBXFileReference; fileEncoding = 4; lastKnownFileType = sourcecode.c.h; path = HCBucket.h; sourceTree = "<group>"; };
		281CA92F196C3C9400E6BE96 /* HCBucket.m */ = {isa = PBXFileReference; fileEncoding = 4; lastKnownFileType = sourcecode.c.objc; path = HCBucket.m; sourceTree = "<group>"; };
		281CA932196C457500E6BE96 /* HCNotesTableViewController.h */ = {isa = PBXFileReference; fileEncoding = 4; lastKnownFileType = sourcecode.c.h; path = HCNotesTableViewController.h; sourceTree = "<group>"; };
		281CA933196C457500E6BE96 /* HCNotesTableViewController.m */ = {isa = PBXFileReference; fileEncoding = 4; lastKnownFileType = sourcecode.c.objc; path = HCNotesTableViewController.m; sourceTree = "<group>"; };
		281CA935196C458400E6BE96 /* HCBucketsTableViewController.h */ = {isa = PBXFileReference; fileEncoding = 4; lastKnownFileType = sourcecode.c.h; path = HCBucketsTableViewController.h; sourceTree = "<group>"; };
		281CA936196C458400E6BE96 /* HCBucketsTableViewController.m */ = {isa = PBXFileReference; fileEncoding = 4; lastKnownFileType = sourcecode.c.objc; path = HCBucketsTableViewController.m; sourceTree = "<group>"; };
		281CA939196C87B800E6BE96 /* HCSearchTableViewController.h */ = {isa = PBXFileReference; fileEncoding = 4; lastKnownFileType = sourcecode.c.h; path = HCSearchTableViewController.h; sourceTree = "<group>"; };
		281CA93A196C87B800E6BE96 /* HCSearchTableViewController.m */ = {isa = PBXFileReference; fileEncoding = 4; lastKnownFileType = sourcecode.c.objc; path = HCSearchTableViewController.m; sourceTree = "<group>"; };
		281CA93D196C8D0500E6BE96 /* HCItemTableViewController.h */ = {isa = PBXFileReference; fileEncoding = 4; lastKnownFileType = sourcecode.c.h; path = HCItemTableViewController.h; sourceTree = "<group>"; };
		281CA93E196C8D0500E6BE96 /* HCItemTableViewController.m */ = {isa = PBXFileReference; fileEncoding = 4; lastKnownFileType = sourcecode.c.objc; path = HCItemTableViewController.m; sourceTree = "<group>"; };
		281CA941196C8DCD00E6BE96 /* HCBucketTableViewController.h */ = {isa = PBXFileReference; fileEncoding = 4; lastKnownFileType = sourcecode.c.h; path = HCBucketTableViewController.h; sourceTree = "<group>"; };
		281CA942196C8DCD00E6BE96 /* HCBucketTableViewController.m */ = {isa = PBXFileReference; fileEncoding = 4; lastKnownFileType = sourcecode.c.objc; path = HCBucketTableViewController.m; sourceTree = "<group>"; };
		281CA944196CA18E00E6BE96 /* HCNewBucketTableViewController.h */ = {isa = PBXFileReference; fileEncoding = 4; lastKnownFileType = sourcecode.c.h; path = HCNewBucketTableViewController.h; sourceTree = "<group>"; };
		281CA945196CA18E00E6BE96 /* HCNewBucketTableViewController.m */ = {isa = PBXFileReference; fileEncoding = 4; lastKnownFileType = sourcecode.c.objc; path = HCNewBucketTableViewController.m; sourceTree = "<group>"; };
		281CA947196CA22100E6BE96 /* HCNewItemTableViewController.h */ = {isa = PBXFileReference; fileEncoding = 4; lastKnownFileType = sourcecode.c.h; path = HCNewItemTableViewController.h; sourceTree = "<group>"; };
		281CA948196CA22100E6BE96 /* HCNewItemTableViewController.m */ = {isa = PBXFileReference; fileEncoding = 4; lastKnownFileType = sourcecode.c.objc; path = HCNewItemTableViewController.m; sourceTree = "<group>"; };
		281CA94A196D9EE100E6BE96 /* HCNewBucketIITableViewController.h */ = {isa = PBXFileReference; fileEncoding = 4; lastKnownFileType = sourcecode.c.h; path = HCNewBucketIITableViewController.h; sourceTree = "<group>"; };
		281CA94B196D9EE100E6BE96 /* HCNewBucketIITableViewController.m */ = {isa = PBXFileReference; fileEncoding = 4; lastKnownFileType = sourcecode.c.objc; path = HCNewBucketIITableViewController.m; sourceTree = "<group>"; };
		281CA94E196DB62A00E6BE96 /* LXDate+RailsTimeConverter.h */ = {isa = PBXFileReference; fileEncoding = 4; lastKnownFileType = sourcecode.c.h; path = "LXDate+RailsTimeConverter.h"; sourceTree = "<group>"; };
		281CA94F196DB62A00E6BE96 /* LXDate+RailsTimeConverter.m */ = {isa = PBXFileReference; fileEncoding = 4; lastKnownFileType = sourcecode.c.objc; path = "LXDate+RailsTimeConverter.m"; sourceTree = "<group>"; };
		2827B8481970B6D900F595D9 /* HCReminderViewController.h */ = {isa = PBXFileReference; fileEncoding = 4; lastKnownFileType = sourcecode.c.h; path = HCReminderViewController.h; sourceTree = "<group>"; };
		2827B8491970B6D900F595D9 /* HCReminderViewController.m */ = {isa = PBXFileReference; fileEncoding = 4; lastKnownFileType = sourcecode.c.objc; path = HCReminderViewController.m; sourceTree = "<group>"; };
		283700871A6F199600C16E87 /* LXTokenViewController.h */ = {isa = PBXFileReference; fileEncoding = 4; lastKnownFileType = sourcecode.c.h; path = LXTokenViewController.h; sourceTree = "<group>"; };
		283700881A6F199600C16E87 /* LXTokenViewController.m */ = {isa = PBXFileReference; fileEncoding = 4; lastKnownFileType = sourcecode.c.objc; path = LXTokenViewController.m; sourceTree = "<group>"; };
		2837008A1A6F34F000C16E87 /* 06-magnify.png */ = {isa = PBXFileReference; lastKnownFileType = image.png; path = "06-magnify.png"; sourceTree = "<group>"; };
		2837008B1A6F34F000C16E87 /* 06-magnify@2x.png */ = {isa = PBXFileReference; lastKnownFileType = image.png; path = "06-magnify@2x.png"; sourceTree = "<group>"; };
		2837008E1A6F366E00C16E87 /* 122-stats.png */ = {isa = PBXFileReference; lastKnownFileType = image.png; path = "122-stats.png"; sourceTree = "<group>"; };
		2837008F1A6F366E00C16E87 /* 122-stats@2x.png */ = {isa = PBXFileReference; lastKnownFileType = image.png; path = "122-stats@2x.png"; sourceTree = "<group>"; };
		283700921A6F371800C16E87 /* LXMoreTableViewController.h */ = {isa = PBXFileReference; fileEncoding = 4; lastKnownFileType = sourcecode.c.h; path = LXMoreTableViewController.h; sourceTree = "<group>"; };
		283700931A6F371800C16E87 /* LXMoreTableViewController.m */ = {isa = PBXFileReference; fileEncoding = 4; lastKnownFileType = sourcecode.c.objc; path = LXMoreTableViewController.m; sourceTree = "<group>"; };
		28431DDA1A8D692E00B12548 /* 11-clock.png */ = {isa = PBXFileReference; lastKnownFileType = image.png; path = "11-clock.png"; sourceTree = "<group>"; };
		28431DDB1A8D692E00B12548 /* 11-clock@2x.png */ = {isa = PBXFileReference; lastKnownFileType = image.png; path = "11-clock@2x.png"; sourceTree = "<group>"; };
		28431DDE1A8D69BA00B12548 /* 78-stopwatch.png */ = {isa = PBXFileReference; lastKnownFileType = image.png; path = "78-stopwatch.png"; sourceTree = "<group>"; };
		28431DDF1A8D69BA00B12548 /* 78-stopwatch@2x.png */ = {isa = PBXFileReference; lastKnownFileType = image.png; path = "78-stopwatch@2x.png"; sourceTree = "<group>"; };
		288433BD1A8BD3AA0059FCE1 /* HCItemPageViewController.h */ = {isa = PBXFileReference; fileEncoding = 4; lastKnownFileType = sourcecode.c.h; path = HCItemPageViewController.h; sourceTree = "<group>"; };
		288433BE1A8BD3AA0059FCE1 /* HCItemPageViewController.m */ = {isa = PBXFileReference; fileEncoding = 4; lastKnownFileType = sourcecode.c.objc; path = HCItemPageViewController.m; sourceTree = "<group>"; };
		288433C01A8BD45E0059FCE1 /* HCContainerViewController.h */ = {isa = PBXFileReference; fileEncoding = 4; lastKnownFileType = sourcecode.c.h; path = HCContainerViewController.h; sourceTree = "<group>"; };
		288433C11A8BD45E0059FCE1 /* HCContainerViewController.m */ = {isa = PBXFileReference; fileEncoding = 4; lastKnownFileType = sourcecode.c.objc; path = HCContainerViewController.m; sourceTree = "<group>"; };
		28A0857A1A700CB200BA1368 /* LXString+NSString.h */ = {isa = PBXFileReference; fileEncoding = 4; lastKnownFileType = sourcecode.c.h; path = "LXString+NSString.h"; sourceTree = "<group>"; };
		28A0857B1A700CB200BA1368 /* LXString+NSString.m */ = {isa = PBXFileReference; fileEncoding = 4; lastKnownFileType = sourcecode.c.objc; path = "LXString+NSString.m"; sourceTree = "<group>"; };
		28BD3EAA196F3F6700BBF5B0 /* HCSelectBucketTableViewController.h */ = {isa = PBXFileReference; fileEncoding = 4; lastKnownFileType = sourcecode.c.h; path = HCSelectBucketTableViewController.h; sourceTree = "<group>"; };
		28BD3EAB196F3F6700BBF5B0 /* HCSelectBucketTableViewController.m */ = {isa = PBXFileReference; fileEncoding = 4; lastKnownFileType = sourcecode.c.objc; path = HCSelectBucketTableViewController.m; sourceTree = "<group>"; };
		28BD3EAD196F519B00BBF5B0 /* NSArray+Alphabet.h */ = {isa = PBXFileReference; fileEncoding = 4; lastKnownFileType = sourcecode.c.h; path = "NSArray+Alphabet.h"; sourceTree = "<group>"; };
		28BD3EAE196F519B00BBF5B0 /* NSArray+Alphabet.m */ = {isa = PBXFileReference; fileEncoding = 4; lastKnownFileType = sourcecode.c.objc; path = "NSArray+Alphabet.m"; sourceTree = "<group>"; };
		48B234900A21648A78B84A3E /* Pods.release.xcconfig */ = {isa = PBXFileReference; includeInIndex = 1; lastKnownFileType = text.xcconfig; name = Pods.release.xcconfig; path = "Pods/Target Support Files/Pods/Pods.release.xcconfig"; sourceTree = "<group>"; };
		76379FD41A8904F700D19E64 /* camera.png */ = {isa = PBXFileReference; lastKnownFileType = image.png; path = camera.png; sourceTree = "<group>"; };
		76BB952419784012002288E0 /* HCEditItemViewController.h */ = {isa = PBXFileReference; fileEncoding = 4; lastKnownFileType = sourcecode.c.h; path = HCEditItemViewController.h; sourceTree = "<group>"; };
		76BB952519784012002288E0 /* HCEditItemViewController.m */ = {isa = PBXFileReference; fileEncoding = 4; lastKnownFileType = sourcecode.c.objc; path = HCEditItemViewController.m; sourceTree = "<group>"; };
		76BFE0711A7C0662005AD98C /* Introduction.storyboard */ = {isa = PBXFileReference; fileEncoding = 4; lastKnownFileType = file.storyboard; path = Introduction.storyboard; sourceTree = "<group>"; };
		76BFE0741A7C0FA8005AD98C /* HCIntroductionViewController.h */ = {isa = PBXFileReference; fileEncoding = 4; lastKnownFileType = sourcecode.c.h; path = HCIntroductionViewController.h; sourceTree = "<group>"; };
		76BFE0751A7C0FA8005AD98C /* HCIntroductionViewController.m */ = {isa = PBXFileReference; fileEncoding = 4; lastKnownFileType = sourcecode.c.objc; path = HCIntroductionViewController.m; sourceTree = "<group>"; };
		76BFE0771A7C1015005AD98C /* HCIntroductionQuestionViewController.h */ = {isa = PBXFileReference; fileEncoding = 4; lastKnownFileType = sourcecode.c.h; path = HCIntroductionQuestionViewController.h; sourceTree = "<group>"; };
		76BFE0781A7C1015005AD98C /* HCIntroductionQuestionViewController.m */ = {isa = PBXFileReference; fileEncoding = 4; lastKnownFileType = sourcecode.c.objc; path = HCIntroductionQuestionViewController.m; sourceTree = "<group>"; };
		76E6A1FB1A8BCFFA00B3669B /* LXRemindersViewController.h */ = {isa = PBXFileReference; fileEncoding = 4; lastKnownFileType = sourcecode.c.h; path = LXRemindersViewController.h; sourceTree = "<group>"; };
		76E6A1FC1A8BCFFA00B3669B /* LXRemindersViewController.m */ = {isa = PBXFileReference; fileEncoding = 4; lastKnownFileType = sourcecode.c.objc; path = LXRemindersViewController.m; sourceTree = "<group>"; };
		76FBBD841A800F4300CAF765 /* HCIntroductionFailureViewController.h */ = {isa = PBXFileReference; fileEncoding = 4; lastKnownFileType = sourcecode.c.h; path = HCIntroductionFailureViewController.h; sourceTree = "<group>"; };
		76FBBD851A800F4300CAF765 /* HCIntroductionFailureViewController.m */ = {isa = PBXFileReference; fileEncoding = 4; lastKnownFileType = sourcecode.c.objc; path = HCIntroductionFailureViewController.m; sourceTree = "<group>"; };
		76FBBD871A80122A00CAF765 /* Messages.storyboard */ = {isa = PBXFileReference; fileEncoding = 4; lastKnownFileType = file.storyboard; path = Messages.storyboard; sourceTree = "<group>"; };
		76FBBD891A813D7D00CAF765 /* HCBucketViewController.h */ = {isa = PBXFileReference; fileEncoding = 4; lastKnownFileType = sourcecode.c.h; path = HCBucketViewController.h; sourceTree = "<group>"; };
		76FBBD8A1A813D7D00CAF765 /* HCBucketViewController.m */ = {isa = PBXFileReference; fileEncoding = 4; lastKnownFileType = sourcecode.c.objc; path = HCBucketViewController.m; sourceTree = "<group>"; };
		9A8630C0B2C871A275E84E6E /* Pods.debug.xcconfig */ = {isa = PBXFileReference; includeInIndex = 1; lastKnownFileType = text.xcconfig; name = Pods.debug.xcconfig; path = "Pods/Target Support Files/Pods/Pods.debug.xcconfig"; sourceTree = "<group>"; };
		DE8247FA37024A189440AC3C /* libPods.a */ = {isa = PBXFileReference; explicitFileType = archive.ar; includeInIndex = 0; path = libPods.a; sourceTree = BUILT_PRODUCTS_DIR; };
/* End PBXFileReference section */

/* Begin PBXFrameworksBuildPhase section */
		281CA8C51951EC7E00E6BE96 /* Frameworks */ = {
			isa = PBXFrameworksBuildPhase;
			buildActionMask = 2147483647;
			files = (
				281CA90E1951F34A00E6BE96 /* CoreData.framework in Frameworks */,
				281CA8CE1951EC7E00E6BE96 /* CoreGraphics.framework in Frameworks */,
				281CA8D01951EC7E00E6BE96 /* UIKit.framework in Frameworks */,
				281CA8CC1951EC7E00E6BE96 /* Foundation.framework in Frameworks */,
				273C203826C44A489B4BC08C /* libPods.a in Frameworks */,
			);
			runOnlyForDeploymentPostprocessing = 0;
		};
		281CA8E91951EC7E00E6BE96 /* Frameworks */ = {
			isa = PBXFrameworksBuildPhase;
			buildActionMask = 2147483647;
			files = (
				281CA8EE1951EC7E00E6BE96 /* XCTest.framework in Frameworks */,
				281CA8F01951EC7E00E6BE96 /* UIKit.framework in Frameworks */,
				281CA8EF1951EC7E00E6BE96 /* Foundation.framework in Frameworks */,
			);
			runOnlyForDeploymentPostprocessing = 0;
		};
/* End PBXFrameworksBuildPhase section */

/* Begin PBXGroup section */
		281CA8BF1951EC7E00E6BE96 = {
			isa = PBXGroup;
			children = (
				281CA8D11951EC7E00E6BE96 /* Hippocampus */,
				281CA8F31951EC7E00E6BE96 /* HippocampusTests */,
				281CA8CA1951EC7E00E6BE96 /* Frameworks */,
				281CA8C91951EC7E00E6BE96 /* Products */,
				AF8CDA90D5D1600B0FA06D8F /* Pods */,
			);
			sourceTree = "<group>";
		};
		281CA8C91951EC7E00E6BE96 /* Products */ = {
			isa = PBXGroup;
			children = (
				281CA8C81951EC7E00E6BE96 /* Hippocampus.app */,
				281CA8EC1951EC7E00E6BE96 /* HippocampusTests.xctest */,
			);
			name = Products;
			sourceTree = "<group>";
		};
		281CA8CA1951EC7E00E6BE96 /* Frameworks */ = {
			isa = PBXGroup;
			children = (
				281CA90D1951F34A00E6BE96 /* CoreData.framework */,
				281CA8CB1951EC7E00E6BE96 /* Foundation.framework */,
				281CA8CD1951EC7E00E6BE96 /* CoreGraphics.framework */,
				281CA8CF1951EC7E00E6BE96 /* UIKit.framework */,
				281CA8ED1951EC7E00E6BE96 /* XCTest.framework */,
				DE8247FA37024A189440AC3C /* libPods.a */,
			);
			name = Frameworks;
			sourceTree = "<group>";
		};
		281CA8D11951EC7E00E6BE96 /* Hippocampus */ = {
			isa = PBXGroup;
			children = (
				76FBBD871A80122A00CAF765 /* Messages.storyboard */,
				76BFE0711A7C0662005AD98C /* Introduction.storyboard */,
				281CA924196C2B9100E6BE96 /* Login.storyboard */,
				281CA8DD1951EC7E00E6BE96 /* Main.storyboard */,
				281CA8DA1951EC7E00E6BE96 /* LXAppDelegate.h */,
				281CA8DB1951EC7E00E6BE96 /* LXAppDelegate.m */,
				281CA94D196DB60C00E6BE96 /* Helpers */,
				281CA9061951ECA000E6BE96 /* Session */,
				281CA9051951EC9C00E6BE96 /* Models */,
				281CA9041951EC9700E6BE96 /* Assets */,
				281CA9031951EC8E00E6BE96 /* View Controllers */,
				281CA8E61951EC7E00E6BE96 /* Images.xcassets */,
				281CA8D21951EC7E00E6BE96 /* Supporting Files */,
			);
			path = Hippocampus;
			sourceTree = "<group>";
		};
		281CA8D21951EC7E00E6BE96 /* Supporting Files */ = {
			isa = PBXGroup;
			children = (
				281CA8D31951EC7E00E6BE96 /* Hippocampus-Info.plist */,
				281CA8D41951EC7E00E6BE96 /* InfoPlist.strings */,
				281CA8D71951EC7E00E6BE96 /* main.m */,
				281CA8D91951EC7E00E6BE96 /* Hippocampus-Prefix.pch */,
			);
			name = "Supporting Files";
			sourceTree = "<group>";
		};
		281CA8F31951EC7E00E6BE96 /* HippocampusTests */ = {
			isa = PBXGroup;
			children = (
				281CA8F91951EC7E00E6BE96 /* HippocampusTests.m */,
				281CA8F41951EC7E00E6BE96 /* Supporting Files */,
			);
			path = HippocampusTests;
			sourceTree = "<group>";
		};
		281CA8F41951EC7E00E6BE96 /* Supporting Files */ = {
			isa = PBXGroup;
			children = (
				281CA8F51951EC7E00E6BE96 /* HippocampusTests-Info.plist */,
				281CA8F61951EC7E00E6BE96 /* InfoPlist.strings */,
			);
			name = "Supporting Files";
			sourceTree = "<group>";
		};
		281CA9031951EC8E00E6BE96 /* View Controllers */ = {
			isa = PBXGroup;
			children = (
				76E6A1FA1A8BCFE100B3669B /* Reminders */,
				281CA940196C8DC000E6BE96 /* Bucket */,
				281CA93C196C8CF700E6BE96 /* Item */,
				281CA938196C87AA00E6BE96 /* Search */,
				281CA931196C455D00E6BE96 /* Tabs */,
				281CA92A196C307B00E6BE96 /* TabBarController */,
				281CA926196C2C0B00E6BE96 /* Login */,
				76BFE0731A7C0F5B005AD98C /* Introduction */,
			);
			name = "View Controllers";
			sourceTree = "<group>";
		};
		281CA9041951EC9700E6BE96 /* Assets */ = {
			isa = PBXGroup;
			children = (
				76379FD41A8904F700D19E64 /* camera.png */,
				281CA91B196C29D500E6BE96 /* Icons */,
			);
			name = Assets;
			sourceTree = "<group>";
		};
		281CA9051951EC9C00E6BE96 /* Models */ = {
			isa = PBXGroup;
			children = (
				281CA90F1951F36700E6BE96 /* Model.xcdatamodeld */,
				281CA9181951F4F900E6BE96 /* HCItem.h */,
				281CA9191951F4F900E6BE96 /* HCItem.m */,
				281CA9121951F4F800E6BE96 /* HCUser.h */,
				281CA9131951F4F800E6BE96 /* HCUser.m */,
				281CA92E196C3C9400E6BE96 /* HCBucket.h */,
				281CA92F196C3C9400E6BE96 /* HCBucket.m */,
			);
			name = Models;
			sourceTree = "<group>";
		};
		281CA9061951ECA000E6BE96 /* Session */ = {
			isa = PBXGroup;
			children = (
				281CA9071951ECBA00E6BE96 /* LXServer.h */,
				281CA9081951ECBA00E6BE96 /* LXServer.m */,
				281CA9091951ECBA00E6BE96 /* LXSession.h */,
				281CA90A1951ECBA00E6BE96 /* LXSession.m */,
			);
			name = Session;
			sourceTree = "<group>";
		};
		281CA91B196C29D500E6BE96 /* Icons */ = {
			isa = PBXGroup;
			children = (
				28431DDE1A8D69BA00B12548 /* 78-stopwatch.png */,
				28431DDF1A8D69BA00B12548 /* 78-stopwatch@2x.png */,
				28431DDA1A8D692E00B12548 /* 11-clock.png */,
				28431DDB1A8D692E00B12548 /* 11-clock@2x.png */,
				281CA920196C29F800E6BE96 /* 179-notepad.png */,
				281CA921196C29F800E6BE96 /* 179-notepad@2x.png */,
				281CA91C196C29E500E6BE96 /* 256-box2.png */,
				281CA91D196C29E500E6BE96 /* 256-box2@2x.png */,
				2837008A1A6F34F000C16E87 /* 06-magnify.png */,
				2837008B1A6F34F000C16E87 /* 06-magnify@2x.png */,
				2837008E1A6F366E00C16E87 /* 122-stats.png */,
				2837008F1A6F366E00C16E87 /* 122-stats@2x.png */,
			);
			name = Icons;
			sourceTree = "<group>";
		};
		281CA926196C2C0B00E6BE96 /* Login */ = {
			isa = PBXGroup;
			children = (
				281CA927196C2C2900E6BE96 /* HCLoginViewController.h */,
				281CA928196C2C2900E6BE96 /* HCLoginViewController.m */,
				283700871A6F199600C16E87 /* LXTokenViewController.h */,
				283700881A6F199600C16E87 /* LXTokenViewController.m */,
			);
			name = Login;
			sourceTree = "<group>";
		};
		281CA92A196C307B00E6BE96 /* TabBarController */ = {
			isa = PBXGroup;
			children = (
				281CA92B196C309E00E6BE96 /* HCMainTabBarController.h */,
				281CA92C196C309E00E6BE96 /* HCMainTabBarController.m */,
			);
			name = TabBarController;
			sourceTree = "<group>";
		};
		281CA931196C455D00E6BE96 /* Tabs */ = {
			isa = PBXGroup;
			children = (
				281CA932196C457500E6BE96 /* HCNotesTableViewController.h */,
				281CA933196C457500E6BE96 /* HCNotesTableViewController.m */,
				281CA935196C458400E6BE96 /* HCBucketsTableViewController.h */,
				281CA936196C458400E6BE96 /* HCBucketsTableViewController.m */,
				283700921A6F371800C16E87 /* LXMoreTableViewController.h */,
				283700931A6F371800C16E87 /* LXMoreTableViewController.m */,
			);
			name = Tabs;
			sourceTree = "<group>";
		};
		281CA938196C87AA00E6BE96 /* Search */ = {
			isa = PBXGroup;
			children = (
				281CA939196C87B800E6BE96 /* HCSearchTableViewController.h */,
				281CA93A196C87B800E6BE96 /* HCSearchTableViewController.m */,
			);
			name = Search;
			sourceTree = "<group>";
		};
		281CA93C196C8CF700E6BE96 /* Item */ = {
			isa = PBXGroup;
			children = (
				281CA93D196C8D0500E6BE96 /* HCItemTableViewController.h */,
				281CA93E196C8D0500E6BE96 /* HCItemTableViewController.m */,
				281CA947196CA22100E6BE96 /* HCNewItemTableViewController.h */,
				281CA948196CA22100E6BE96 /* HCNewItemTableViewController.m */,
				28BD3EAA196F3F6700BBF5B0 /* HCSelectBucketTableViewController.h */,
				28BD3EAB196F3F6700BBF5B0 /* HCSelectBucketTableViewController.m */,
				2827B8481970B6D900F595D9 /* HCReminderViewController.h */,
				2827B8491970B6D900F595D9 /* HCReminderViewController.m */,
				76BB952419784012002288E0 /* HCEditItemViewController.h */,
				76BB952519784012002288E0 /* HCEditItemViewController.m */,
				288433BD1A8BD3AA0059FCE1 /* HCItemPageViewController.h */,
				288433BE1A8BD3AA0059FCE1 /* HCItemPageViewController.m */,
				288433C01A8BD45E0059FCE1 /* HCContainerViewController.h */,
				288433C11A8BD45E0059FCE1 /* HCContainerViewController.m */,
			);
			name = Item;
			sourceTree = "<group>";
		};
		281CA940196C8DC000E6BE96 /* Bucket */ = {
			isa = PBXGroup;
			children = (
				76FBBD891A813D7D00CAF765 /* HCBucketViewController.h */,
				76FBBD8A1A813D7D00CAF765 /* HCBucketViewController.m */,
				281CA944196CA18E00E6BE96 /* HCNewBucketTableViewController.h */,
				281CA945196CA18E00E6BE96 /* HCNewBucketTableViewController.m */,
				281CA94A196D9EE100E6BE96 /* HCNewBucketIITableViewController.h */,
				281CA94B196D9EE100E6BE96 /* HCNewBucketIITableViewController.m */,
				281CA941196C8DCD00E6BE96 /* HCBucketTableViewController.h */,
				281CA942196C8DCD00E6BE96 /* HCBucketTableViewController.m */,
			);
			name = Bucket;
			sourceTree = "<group>";
		};
		281CA94D196DB60C00E6BE96 /* Helpers */ = {
			isa = PBXGroup;
			children = (
				281CA94E196DB62A00E6BE96 /* LXDate+RailsTimeConverter.h */,
				281CA94F196DB62A00E6BE96 /* LXDate+RailsTimeConverter.m */,
				28BD3EAD196F519B00BBF5B0 /* NSArray+Alphabet.h */,
				28BD3EAE196F519B00BBF5B0 /* NSArray+Alphabet.m */,
				28A0857A1A700CB200BA1368 /* LXString+NSString.h */,
				28A0857B1A700CB200BA1368 /* LXString+NSString.m */,
			);
			name = Helpers;
			sourceTree = "<group>";
		};
		76BFE0731A7C0F5B005AD98C /* Introduction */ = {
			isa = PBXGroup;
			children = (
				76BFE0741A7C0FA8005AD98C /* HCIntroductionViewController.h */,
				76BFE0751A7C0FA8005AD98C /* HCIntroductionViewController.m */,
				76BFE0771A7C1015005AD98C /* HCIntroductionQuestionViewController.h */,
				76BFE0781A7C1015005AD98C /* HCIntroductionQuestionViewController.m */,
				76FBBD841A800F4300CAF765 /* HCIntroductionFailureViewController.h */,
				76FBBD851A800F4300CAF765 /* HCIntroductionFailureViewController.m */,
			);
			name = Introduction;
			sourceTree = "<group>";
		};
		76E6A1FA1A8BCFE100B3669B /* Reminders */ = {
			isa = PBXGroup;
			children = (
				76E6A1FB1A8BCFFA00B3669B /* LXRemindersViewController.h */,
				76E6A1FC1A8BCFFA00B3669B /* LXRemindersViewController.m */,
			);
			name = Reminders;
			sourceTree = "<group>";
		};
		AF8CDA90D5D1600B0FA06D8F /* Pods */ = {
			isa = PBXGroup;
			children = (
				9A8630C0B2C871A275E84E6E /* Pods.debug.xcconfig */,
				48B234900A21648A78B84A3E /* Pods.release.xcconfig */,
			);
			name = Pods;
			sourceTree = "<group>";
		};
/* End PBXGroup section */

/* Begin PBXNativeTarget section */
		281CA8C71951EC7E00E6BE96 /* Hippocampus */ = {
			isa = PBXNativeTarget;
			buildConfigurationList = 281CA8FD1951EC7E00E6BE96 /* Build configuration list for PBXNativeTarget "Hippocampus" */;
			buildPhases = (
				F9B47DB1943142BBA8425D85 /* Check Pods Manifest.lock */,
				281CA8C41951EC7E00E6BE96 /* Sources */,
				281CA8C51951EC7E00E6BE96 /* Frameworks */,
				281CA8C61951EC7E00E6BE96 /* Resources */,
				D8CB7745B36648E88B33C586 /* Copy Pods Resources */,
			);
			buildRules = (
			);
			dependencies = (
			);
			name = Hippocampus;
			productName = Hippocampus;
			productReference = 281CA8C81951EC7E00E6BE96 /* Hippocampus.app */;
			productType = "com.apple.product-type.application";
		};
		281CA8EB1951EC7E00E6BE96 /* HippocampusTests */ = {
			isa = PBXNativeTarget;
			buildConfigurationList = 281CA9001951EC7E00E6BE96 /* Build configuration list for PBXNativeTarget "HippocampusTests" */;
			buildPhases = (
				281CA8E81951EC7E00E6BE96 /* Sources */,
				281CA8E91951EC7E00E6BE96 /* Frameworks */,
				281CA8EA1951EC7E00E6BE96 /* Resources */,
			);
			buildRules = (
			);
			dependencies = (
				281CA8F21951EC7E00E6BE96 /* PBXTargetDependency */,
			);
			name = HippocampusTests;
			productName = HippocampusTests;
			productReference = 281CA8EC1951EC7E00E6BE96 /* HippocampusTests.xctest */;
			productType = "com.apple.product-type.bundle.unit-test";
		};
/* End PBXNativeTarget section */

/* Begin PBXProject section */
		281CA8C01951EC7E00E6BE96 /* Project object */ = {
			isa = PBXProject;
			attributes = {
				CLASSPREFIX = LX;
				LastUpgradeCheck = 0510;
				ORGANIZATIONNAME = LXV;
				TargetAttributes = {
					281CA8C71951EC7E00E6BE96 = {
						DevelopmentTeam = B28RCHZM6D;
					};
					281CA8EB1951EC7E00E6BE96 = {
						TestTargetID = 281CA8C71951EC7E00E6BE96;
					};
				};
			};
			buildConfigurationList = 281CA8C31951EC7E00E6BE96 /* Build configuration list for PBXProject "Hippocampus" */;
			compatibilityVersion = "Xcode 3.2";
			developmentRegion = English;
			hasScannedForEncodings = 0;
			knownRegions = (
				en,
				Base,
			);
			mainGroup = 281CA8BF1951EC7E00E6BE96;
			productRefGroup = 281CA8C91951EC7E00E6BE96 /* Products */;
			projectDirPath = "";
			projectRoot = "";
			targets = (
				281CA8C71951EC7E00E6BE96 /* Hippocampus */,
				281CA8EB1951EC7E00E6BE96 /* HippocampusTests */,
			);
		};
/* End PBXProject section */

/* Begin PBXResourcesBuildPhase section */
		281CA8C61951EC7E00E6BE96 /* Resources */ = {
			isa = PBXResourcesBuildPhase;
			buildActionMask = 2147483647;
			files = (
				281CA925196C2B9100E6BE96 /* Login.storyboard in Resources */,
				281CA923196C29F800E6BE96 /* 179-notepad@2x.png in Resources */,
				28431DDD1A8D692E00B12548 /* 11-clock@2x.png in Resources */,
				283700911A6F366E00C16E87 /* 122-stats@2x.png in Resources */,
				281CA91E196C29E500E6BE96 /* 256-box2.png in Resources */,
				76FBBD881A80122A00CAF765 /* Messages.storyboard in Resources */,
				76379FD51A8904F700D19E64 /* camera.png in Resources */,
				281CA8E71951EC7E00E6BE96 /* Images.xcassets in Resources */,
				281CA8D61951EC7E00E6BE96 /* InfoPlist.strings in Resources */,
				28431DE11A8D69BA00B12548 /* 78-stopwatch@2x.png in Resources */,
				281CA8DF1951EC7E00E6BE96 /* Main.storyboard in Resources */,
				283700901A6F366E00C16E87 /* 122-stats.png in Resources */,
				28431DDC1A8D692E00B12548 /* 11-clock.png in Resources */,
				2837008D1A6F34F000C16E87 /* 06-magnify@2x.png in Resources */,
				2837008C1A6F34F000C16E87 /* 06-magnify.png in Resources */,
				28431DE01A8D69BA00B12548 /* 78-stopwatch.png in Resources */,
				281CA91F196C29E500E6BE96 /* 256-box2@2x.png in Resources */,
				76BFE0721A7C0662005AD98C /* Introduction.storyboard in Resources */,
				281CA922196C29F800E6BE96 /* 179-notepad.png in Resources */,
			);
			runOnlyForDeploymentPostprocessing = 0;
		};
		281CA8EA1951EC7E00E6BE96 /* Resources */ = {
			isa = PBXResourcesBuildPhase;
			buildActionMask = 2147483647;
			files = (
				281CA8F81951EC7E00E6BE96 /* InfoPlist.strings in Resources */,
			);
			runOnlyForDeploymentPostprocessing = 0;
		};
/* End PBXResourcesBuildPhase section */

/* Begin PBXShellScriptBuildPhase section */
		D8CB7745B36648E88B33C586 /* Copy Pods Resources */ = {
			isa = PBXShellScriptBuildPhase;
			buildActionMask = 2147483647;
			files = (
			);
			inputPaths = (
			);
			name = "Copy Pods Resources";
			outputPaths = (
			);
			runOnlyForDeploymentPostprocessing = 0;
			shellPath = /bin/sh;
			shellScript = "\"${SRCROOT}/Pods/Target Support Files/Pods/Pods-resources.sh\"\n";
			showEnvVarsInLog = 0;
		};
		F9B47DB1943142BBA8425D85 /* Check Pods Manifest.lock */ = {
			isa = PBXShellScriptBuildPhase;
			buildActionMask = 2147483647;
			files = (
			);
			inputPaths = (
			);
			name = "Check Pods Manifest.lock";
			outputPaths = (
			);
			runOnlyForDeploymentPostprocessing = 0;
			shellPath = /bin/sh;
			shellScript = "diff \"${PODS_ROOT}/../Podfile.lock\" \"${PODS_ROOT}/Manifest.lock\" > /dev/null\nif [[ $? != 0 ]] ; then\n    cat << EOM\nerror: The sandbox is not in sync with the Podfile.lock. Run 'pod install' or update your CocoaPods installation.\nEOM\n    exit 1\nfi\n";
			showEnvVarsInLog = 0;
		};
/* End PBXShellScriptBuildPhase section */

/* Begin PBXSourcesBuildPhase section */
		281CA8C41951EC7E00E6BE96 /* Sources */ = {
			isa = PBXSourcesBuildPhase;
			buildActionMask = 2147483647;
			files = (
				76FBBD861A800F4300CAF765 /* HCIntroductionFailureViewController.m in Sources */,
				281CA929196C2C2900E6BE96 /* HCLoginViewController.m in Sources */,
				281CA8DC1951EC7E00E6BE96 /* LXAppDelegate.m in Sources */,
				288433C21A8BD45E0059FCE1 /* HCContainerViewController.m in Sources */,
				28BD3EAC196F3F6700BBF5B0 /* HCSelectBucketTableViewController.m in Sources */,
				281CA90C1951ECBA00E6BE96 /* LXSession.m in Sources */,
				281CA9111951F36700E6BE96 /* Model.xcdatamodeld in Sources */,
				281CA930196C3C9400E6BE96 /* HCBucket.m in Sources */,
				283700891A6F199600C16E87 /* LXTokenViewController.m in Sources */,
				283700941A6F371800C16E87 /* LXMoreTableViewController.m in Sources */,
				76BB952619784012002288E0 /* HCEditItemViewController.m in Sources */,
				76E6A1FD1A8BCFFA00B3669B /* LXRemindersViewController.m in Sources */,
				281CA949196CA22100E6BE96 /* HCNewItemTableViewController.m in Sources */,
				281CA92D196C309E00E6BE96 /* HCMainTabBarController.m in Sources */,
				28BD3EAF196F519B00BBF5B0 /* NSArray+Alphabet.m in Sources */,
				2827B84A1970B6DA00F595D9 /* HCReminderViewController.m in Sources */,
				281CA9141951F4F800E6BE96 /* HCUser.m in Sources */,
				281CA950196DB62A00E6BE96 /* LXDate+RailsTimeConverter.m in Sources */,
				281CA934196C457500E6BE96 /* HCNotesTableViewController.m in Sources */,
				288433BF1A8BD3AA0059FCE1 /* HCItemPageViewController.m in Sources */,
				281CA937196C458400E6BE96 /* HCBucketsTableViewController.m in Sources */,
				76BFE0791A7C1015005AD98C /* HCIntroductionQuestionViewController.m in Sources */,
				281CA8D81951EC7E00E6BE96 /* main.m in Sources */,
				281CA946196CA18E00E6BE96 /* HCNewBucketTableViewController.m in Sources */,
				281CA93B196C87B800E6BE96 /* HCSearchTableViewController.m in Sources */,
				281CA943196C8DCD00E6BE96 /* HCBucketTableViewController.m in Sources */,
				281CA90B1951ECBA00E6BE96 /* LXServer.m in Sources */,
				281CA94C196D9EE100E6BE96 /* HCNewBucketIITableViewController.m in Sources */,
				76BFE0761A7C0FA8005AD98C /* HCIntroductionViewController.m in Sources */,
				281CA91A1951F4F900E6BE96 /* HCItem.m in Sources */,
				28A0857C1A700CB200BA1368 /* LXString+NSString.m in Sources */,
				281CA93F196C8D0500E6BE96 /* HCItemTableViewController.m in Sources */,
				76FBBD8B1A813D7D00CAF765 /* HCBucketViewController.m in Sources */,
			);
			runOnlyForDeploymentPostprocessing = 0;
		};
		281CA8E81951EC7E00E6BE96 /* Sources */ = {
			isa = PBXSourcesBuildPhase;
			buildActionMask = 2147483647;
			files = (
				281CA8FA1951EC7E00E6BE96 /* HippocampusTests.m in Sources */,
			);
			runOnlyForDeploymentPostprocessing = 0;
		};
/* End PBXSourcesBuildPhase section */

/* Begin PBXTargetDependency section */
		281CA8F21951EC7E00E6BE96 /* PBXTargetDependency */ = {
			isa = PBXTargetDependency;
			target = 281CA8C71951EC7E00E6BE96 /* Hippocampus */;
			targetProxy = 281CA8F11951EC7E00E6BE96 /* PBXContainerItemProxy */;
		};
/* End PBXTargetDependency section */

/* Begin PBXVariantGroup section */
		281CA8D41951EC7E00E6BE96 /* InfoPlist.strings */ = {
			isa = PBXVariantGroup;
			children = (
				281CA8D51951EC7E00E6BE96 /* en */,
			);
			name = InfoPlist.strings;
			sourceTree = "<group>";
		};
		281CA8DD1951EC7E00E6BE96 /* Main.storyboard */ = {
			isa = PBXVariantGroup;
			children = (
				281CA8DE1951EC7E00E6BE96 /* Base */,
			);
			name = Main.storyboard;
			sourceTree = "<group>";
		};
		281CA8F61951EC7E00E6BE96 /* InfoPlist.strings */ = {
			isa = PBXVariantGroup;
			children = (
				281CA8F71951EC7E00E6BE96 /* en */,
			);
			name = InfoPlist.strings;
			sourceTree = "<group>";
		};
/* End PBXVariantGroup section */

/* Begin XCBuildConfiguration section */
		281CA8FB1951EC7E00E6BE96 /* Debug */ = {
			isa = XCBuildConfiguration;
			buildSettings = {
				ALWAYS_SEARCH_USER_PATHS = NO;
				CLANG_CXX_LANGUAGE_STANDARD = "gnu++0x";
				CLANG_CXX_LIBRARY = "libc++";
				CLANG_ENABLE_MODULES = YES;
				CLANG_ENABLE_OBJC_ARC = YES;
				CLANG_WARN_BOOL_CONVERSION = YES;
				CLANG_WARN_CONSTANT_CONVERSION = YES;
				CLANG_WARN_DIRECT_OBJC_ISA_USAGE = YES_ERROR;
				CLANG_WARN_EMPTY_BODY = YES;
				CLANG_WARN_ENUM_CONVERSION = YES;
				CLANG_WARN_INT_CONVERSION = YES;
				CLANG_WARN_OBJC_ROOT_CLASS = YES_ERROR;
				CLANG_WARN__DUPLICATE_METHOD_MATCH = YES;
				"CODE_SIGN_IDENTITY[sdk=iphoneos*]" = "iPhone Developer";
				COPY_PHASE_STRIP = NO;
				GCC_C_LANGUAGE_STANDARD = gnu99;
				GCC_DYNAMIC_NO_PIC = NO;
				GCC_OPTIMIZATION_LEVEL = 0;
				GCC_PREPROCESSOR_DEFINITIONS = (
					"DEBUG=1",
					"$(inherited)",
				);
				GCC_SYMBOLS_PRIVATE_EXTERN = NO;
				GCC_WARN_64_TO_32_BIT_CONVERSION = YES;
				GCC_WARN_ABOUT_RETURN_TYPE = YES_ERROR;
				GCC_WARN_UNDECLARED_SELECTOR = YES;
				GCC_WARN_UNINITIALIZED_AUTOS = YES_AGGRESSIVE;
				GCC_WARN_UNUSED_FUNCTION = YES;
				GCC_WARN_UNUSED_VARIABLE = YES;
				IPHONEOS_DEPLOYMENT_TARGET = 7.1;
				ONLY_ACTIVE_ARCH = YES;
				SDKROOT = iphoneos;
			};
			name = Debug;
		};
		281CA8FC1951EC7E00E6BE96 /* Release */ = {
			isa = XCBuildConfiguration;
			buildSettings = {
				ALWAYS_SEARCH_USER_PATHS = NO;
				CLANG_CXX_LANGUAGE_STANDARD = "gnu++0x";
				CLANG_CXX_LIBRARY = "libc++";
				CLANG_ENABLE_MODULES = YES;
				CLANG_ENABLE_OBJC_ARC = YES;
				CLANG_WARN_BOOL_CONVERSION = YES;
				CLANG_WARN_CONSTANT_CONVERSION = YES;
				CLANG_WARN_DIRECT_OBJC_ISA_USAGE = YES_ERROR;
				CLANG_WARN_EMPTY_BODY = YES;
				CLANG_WARN_ENUM_CONVERSION = YES;
				CLANG_WARN_INT_CONVERSION = YES;
				CLANG_WARN_OBJC_ROOT_CLASS = YES_ERROR;
				CLANG_WARN__DUPLICATE_METHOD_MATCH = YES;
				"CODE_SIGN_IDENTITY[sdk=iphoneos*]" = "iPhone Developer";
				COPY_PHASE_STRIP = YES;
				ENABLE_NS_ASSERTIONS = NO;
				GCC_C_LANGUAGE_STANDARD = gnu99;
				GCC_WARN_64_TO_32_BIT_CONVERSION = YES;
				GCC_WARN_ABOUT_RETURN_TYPE = YES_ERROR;
				GCC_WARN_UNDECLARED_SELECTOR = YES;
				GCC_WARN_UNINITIALIZED_AUTOS = YES_AGGRESSIVE;
				GCC_WARN_UNUSED_FUNCTION = YES;
				GCC_WARN_UNUSED_VARIABLE = YES;
				IPHONEOS_DEPLOYMENT_TARGET = 7.1;
				SDKROOT = iphoneos;
				VALIDATE_PRODUCT = YES;
			};
			name = Release;
		};
		281CA8FE1951EC7E00E6BE96 /* Debug */ = {
			isa = XCBuildConfiguration;
			baseConfigurationReference = 9A8630C0B2C871A275E84E6E /* Pods.debug.xcconfig */;
			buildSettings = {
				ASSETCATALOG_COMPILER_APPICON_NAME = AppIcon;
				ASSETCATALOG_COMPILER_LAUNCHIMAGE_NAME = LaunchImage;
				CODE_SIGN_IDENTITY = "iPhone Developer";
				"CODE_SIGN_IDENTITY[sdk=iphoneos*]" = "iPhone Developer";
				GCC_PRECOMPILE_PREFIX_HEADER = YES;
				GCC_PREFIX_HEADER = "Hippocampus/Hippocampus-Prefix.pch";
				INFOPLIST_FILE = "Hippocampus/Hippocampus-Info.plist";
				PRODUCT_NAME = "$(TARGET_NAME)";
				PROVISIONING_PROFILE = "";
				WRAPPER_EXTENSION = app;
			};
			name = Debug;
		};
		281CA8FF1951EC7E00E6BE96 /* Release */ = {
			isa = XCBuildConfiguration;
			baseConfigurationReference = 48B234900A21648A78B84A3E /* Pods.release.xcconfig */;
			buildSettings = {
				ASSETCATALOG_COMPILER_APPICON_NAME = AppIcon;
				ASSETCATALOG_COMPILER_LAUNCHIMAGE_NAME = LaunchImage;
				CODE_SIGN_IDENTITY = "iPhone Developer";
				"CODE_SIGN_IDENTITY[sdk=iphoneos*]" = "iPhone Developer";
				GCC_PRECOMPILE_PREFIX_HEADER = YES;
				GCC_PREFIX_HEADER = "Hippocampus/Hippocampus-Prefix.pch";
				INFOPLIST_FILE = "Hippocampus/Hippocampus-Info.plist";
				PRODUCT_NAME = "$(TARGET_NAME)";
				PROVISIONING_PROFILE = "";
				WRAPPER_EXTENSION = app;
			};
			name = Release;
		};
		281CA9011951EC7E00E6BE96 /* Debug */ = {
			isa = XCBuildConfiguration;
			buildSettings = {
				BUNDLE_LOADER = "$(BUILT_PRODUCTS_DIR)/Hippocampus.app/Hippocampus";
				FRAMEWORK_SEARCH_PATHS = (
					"$(SDKROOT)/Developer/Library/Frameworks",
					"$(inherited)",
					"$(DEVELOPER_FRAMEWORKS_DIR)",
				);
				GCC_PRECOMPILE_PREFIX_HEADER = YES;
				GCC_PREFIX_HEADER = "Hippocampus/Hippocampus-Prefix.pch";
				GCC_PREPROCESSOR_DEFINITIONS = (
					"DEBUG=1",
					"$(inherited)",
				);
				INFOPLIST_FILE = "HippocampusTests/HippocampusTests-Info.plist";
				PRODUCT_NAME = "$(TARGET_NAME)";
				TEST_HOST = "$(BUNDLE_LOADER)";
				WRAPPER_EXTENSION = xctest;
			};
			name = Debug;
		};
		281CA9021951EC7E00E6BE96 /* Release */ = {
			isa = XCBuildConfiguration;
			buildSettings = {
				BUNDLE_LOADER = "$(BUILT_PRODUCTS_DIR)/Hippocampus.app/Hippocampus";
				FRAMEWORK_SEARCH_PATHS = (
					"$(SDKROOT)/Developer/Library/Frameworks",
					"$(inherited)",
					"$(DEVELOPER_FRAMEWORKS_DIR)",
				);
				GCC_PRECOMPILE_PREFIX_HEADER = YES;
				GCC_PREFIX_HEADER = "Hippocampus/Hippocampus-Prefix.pch";
				INFOPLIST_FILE = "HippocampusTests/HippocampusTests-Info.plist";
				PRODUCT_NAME = "$(TARGET_NAME)";
				TEST_HOST = "$(BUNDLE_LOADER)";
				WRAPPER_EXTENSION = xctest;
			};
			name = Release;
		};
/* End XCBuildConfiguration section */

/* Begin XCConfigurationList section */
		281CA8C31951EC7E00E6BE96 /* Build configuration list for PBXProject "Hippocampus" */ = {
			isa = XCConfigurationList;
			buildConfigurations = (
				281CA8FB1951EC7E00E6BE96 /* Debug */,
				281CA8FC1951EC7E00E6BE96 /* Release */,
			);
			defaultConfigurationIsVisible = 0;
			defaultConfigurationName = Release;
		};
		281CA8FD1951EC7E00E6BE96 /* Build configuration list for PBXNativeTarget "Hippocampus" */ = {
			isa = XCConfigurationList;
			buildConfigurations = (
				281CA8FE1951EC7E00E6BE96 /* Debug */,
				281CA8FF1951EC7E00E6BE96 /* Release */,
			);
			defaultConfigurationIsVisible = 0;
			defaultConfigurationName = Release;
		};
		281CA9001951EC7E00E6BE96 /* Build configuration list for PBXNativeTarget "HippocampusTests" */ = {
			isa = XCConfigurationList;
			buildConfigurations = (
				281CA9011951EC7E00E6BE96 /* Debug */,
				281CA9021951EC7E00E6BE96 /* Release */,
			);
			defaultConfigurationIsVisible = 0;
			defaultConfigurationName = Release;
		};
/* End XCConfigurationList section */

/* Begin XCVersionGroup section */
		281CA90F1951F36700E6BE96 /* Model.xcdatamodeld */ = {
			isa = XCVersionGroup;
			children = (
				281CA9101951F36700E6BE96 /* Model.xcdatamodel */,
			);
			currentVersion = 281CA9101951F36700E6BE96 /* Model.xcdatamodel */;
			path = Model.xcdatamodeld;
			sourceTree = "<group>";
			versionGroupType = wrapper.xcdatamodel;
		};
/* End XCVersionGroup section */
	};
	rootObject = 281CA8C01951EC7E00E6BE96 /* Project object */;
}
