// !$*UTF8*$!
{
	archiveVersion = 1;
	classes = {
	};
	objectVersion = 46;
	objects = {

/* Begin PBXBuildFile section */
		273C203826C44A489B4BC08C /* libPods.a in Frameworks */ = {isa = PBXBuildFile; fileRef = DE8247FA37024A189440AC3C /* libPods.a */; };
		281CA8CC1951EC7E00E6BE96 /* Foundation.framework in Frameworks */ = {isa = PBXBuildFile; fileRef = 281CA8CB1951EC7E00E6BE96 /* Foundation.framework */; };
		281CA8CE1951EC7E00E6BE96 /* CoreGraphics.framework in Frameworks */ = {isa = PBXBuildFile; fileRef = 281CA8CD1951EC7E00E6BE96 /* CoreGraphics.framework */; };
		281CA8D01951EC7E00E6BE96 /* UIKit.framework in Frameworks */ = {isa = PBXBuildFile; fileRef = 281CA8CF1951EC7E00E6BE96 /* UIKit.framework */; };
		281CA8D61951EC7E00E6BE96 /* InfoPlist.strings in Resources */ = {isa = PBXBuildFile; fileRef = 281CA8D41951EC7E00E6BE96 /* InfoPlist.strings */; };
		281CA8D81951EC7E00E6BE96 /* main.m in Sources */ = {isa = PBXBuildFile; fileRef = 281CA8D71951EC7E00E6BE96 /* main.m */; };
		281CA8DC1951EC7E00E6BE96 /* LXAppDelegate.m in Sources */ = {isa = PBXBuildFile; fileRef = 281CA8DB1951EC7E00E6BE96 /* LXAppDelegate.m */; };
		281CA8E71951EC7E00E6BE96 /* Images.xcassets in Resources */ = {isa = PBXBuildFile; fileRef = 281CA8E61951EC7E00E6BE96 /* Images.xcassets */; };
		281CA8EE1951EC7E00E6BE96 /* XCTest.framework in Frameworks */ = {isa = PBXBuildFile; fileRef = 281CA8ED1951EC7E00E6BE96 /* XCTest.framework */; };
		281CA8EF1951EC7E00E6BE96 /* Foundation.framework in Frameworks */ = {isa = PBXBuildFile; fileRef = 281CA8CB1951EC7E00E6BE96 /* Foundation.framework */; };
		281CA8F01951EC7E00E6BE96 /* UIKit.framework in Frameworks */ = {isa = PBXBuildFile; fileRef = 281CA8CF1951EC7E00E6BE96 /* UIKit.framework */; };
		281CA8F81951EC7E00E6BE96 /* InfoPlist.strings in Resources */ = {isa = PBXBuildFile; fileRef = 281CA8F61951EC7E00E6BE96 /* InfoPlist.strings */; };
		281CA8FA1951EC7E00E6BE96 /* HippocampusTests.m in Sources */ = {isa = PBXBuildFile; fileRef = 281CA8F91951EC7E00E6BE96 /* HippocampusTests.m */; };
		281CA90B1951ECBA00E6BE96 /* LXServer.m in Sources */ = {isa = PBXBuildFile; fileRef = 281CA9081951ECBA00E6BE96 /* LXServer.m */; };
		281CA90C1951ECBA00E6BE96 /* LXSession.m in Sources */ = {isa = PBXBuildFile; fileRef = 281CA90A1951ECBA00E6BE96 /* LXSession.m */; };
		281CA90E1951F34A00E6BE96 /* CoreData.framework in Frameworks */ = {isa = PBXBuildFile; fileRef = 281CA90D1951F34A00E6BE96 /* CoreData.framework */; };
		281CA9111951F36700E6BE96 /* Model.xcdatamodeld in Sources */ = {isa = PBXBuildFile; fileRef = 281CA90F1951F36700E6BE96 /* Model.xcdatamodeld */; };
		281CA91E196C29E500E6BE96 /* 256-box2.png in Resources */ = {isa = PBXBuildFile; fileRef = 281CA91C196C29E500E6BE96 /* 256-box2.png */; };
		281CA91F196C29E500E6BE96 /* 256-box2@2x.png in Resources */ = {isa = PBXBuildFile; fileRef = 281CA91D196C29E500E6BE96 /* 256-box2@2x.png */; };
		281CA922196C29F800E6BE96 /* 179-notepad.png in Resources */ = {isa = PBXBuildFile; fileRef = 281CA920196C29F800E6BE96 /* 179-notepad.png */; };
		281CA923196C29F800E6BE96 /* 179-notepad@2x.png in Resources */ = {isa = PBXBuildFile; fileRef = 281CA921196C29F800E6BE96 /* 179-notepad@2x.png */; };
		281CA925196C2B9100E6BE96 /* Login.storyboard in Resources */ = {isa = PBXBuildFile; fileRef = 281CA924196C2B9100E6BE96 /* Login.storyboard */; };
		281CA929196C2C2900E6BE96 /* HCLoginViewController.m in Sources */ = {isa = PBXBuildFile; fileRef = 281CA928196C2C2900E6BE96 /* HCLoginViewController.m */; };
		281CA937196C458400E6BE96 /* HCBucketsTableViewController.m in Sources */ = {isa = PBXBuildFile; fileRef = 281CA936196C458400E6BE96 /* HCBucketsTableViewController.m */; };
		281CA93F196C8D0500E6BE96 /* HCItemTableViewController.m in Sources */ = {isa = PBXBuildFile; fileRef = 281CA93E196C8D0500E6BE96 /* HCItemTableViewController.m */; };
		281CA94C196D9EE100E6BE96 /* HCNewBucketIITableViewController.m in Sources */ = {isa = PBXBuildFile; fileRef = 281CA94B196D9EE100E6BE96 /* HCNewBucketIITableViewController.m */; };
		281CA950196DB62A00E6BE96 /* LXDate+RailsTimeConverter.m in Sources */ = {isa = PBXBuildFile; fileRef = 281CA94F196DB62A00E6BE96 /* LXDate+RailsTimeConverter.m */; };
		2826C6071AD70828008DC533 /* Tutorial.storyboard in Resources */ = {isa = PBXBuildFile; fileRef = 2826C6061AD70828008DC533 /* Tutorial.storyboard */; };
		2826C60B1AD848DB008DC533 /* tutorial.png in Resources */ = {isa = PBXBuildFile; fileRef = 2826C60A1AD848DB008DC533 /* tutorial.png */; };
		2826C60D1ADC9474008DC533 /* Group-100.png in Resources */ = {isa = PBXBuildFile; fileRef = 2826C60C1ADC9474008DC533 /* Group-100.png */; };
		2826C6101ADDA5D1008DC533 /* txt_scrnsht.png in Resources */ = {isa = PBXBuildFile; fileRef = 2826C60F1ADDA5D1008DC533 /* txt_scrnsht.png */; };
		2826C6131ADDA684008DC533 /* FBVerifyPhoneNumberViewController.m in Sources */ = {isa = PBXBuildFile; fileRef = 2826C6121ADDA684008DC533 /* FBVerifyPhoneNumberViewController.m */; };
		2826C6161ADDA6AF008DC533 /* NSString+SHAEncryption.m in Sources */ = {isa = PBXBuildFile; fileRef = 2826C6151ADDA6AF008DC533 /* NSString+SHAEncryption.m */; };
		2827B84A1970B6DA00F595D9 /* HCReminderViewController.m in Sources */ = {isa = PBXBuildFile; fileRef = 2827B8491970B6D900F595D9 /* HCReminderViewController.m */; };
		283700891A6F199600C16E87 /* LXTokenViewController.m in Sources */ = {isa = PBXBuildFile; fileRef = 283700881A6F199600C16E87 /* LXTokenViewController.m */; };
		2837008C1A6F34F000C16E87 /* 06-magnify.png in Resources */ = {isa = PBXBuildFile; fileRef = 2837008A1A6F34F000C16E87 /* 06-magnify.png */; };
		2837008D1A6F34F000C16E87 /* 06-magnify@2x.png in Resources */ = {isa = PBXBuildFile; fileRef = 2837008B1A6F34F000C16E87 /* 06-magnify@2x.png */; };
		283700901A6F366E00C16E87 /* 122-stats.png in Resources */ = {isa = PBXBuildFile; fileRef = 2837008E1A6F366E00C16E87 /* 122-stats.png */; };
		283700911A6F366E00C16E87 /* 122-stats@2x.png in Resources */ = {isa = PBXBuildFile; fileRef = 2837008F1A6F366E00C16E87 /* 122-stats@2x.png */; };
		2837E7FC1ABD06460089FA33 /* Photo-100.png in Resources */ = {isa = PBXBuildFile; fileRef = 2837E7FB1ABD06460089FA33 /* Photo-100.png */; };
		2837E7FE1ABD082C0089FA33 /* Photo-100-blue.png in Resources */ = {isa = PBXBuildFile; fileRef = 2837E7FD1ABD082C0089FA33 /* Photo-100-blue.png */; };
		2837E8001ABD09400089FA33 /* More-100.png in Resources */ = {isa = PBXBuildFile; fileRef = 2837E7FF1ABD09400089FA33 /* More-100.png */; };
		2837E8031AC0A8DC0089FA33 /* UIPickerView+CustomPicker.m in Sources */ = {isa = PBXBuildFile; fileRef = 2837E8021AC0A8DC0089FA33 /* UIPickerView+CustomPicker.m */; };
		2837E8061AC11D2A0089FA33 /* HCInitialViewController.m in Sources */ = {isa = PBXBuildFile; fileRef = 2837E8051AC11D2A0089FA33 /* HCInitialViewController.m */; };
		2837E8091AC11D400089FA33 /* HCOnboardingPageViewController.m in Sources */ = {isa = PBXBuildFile; fileRef = 2837E8081AC11D400089FA33 /* HCOnboardingPageViewController.m */; };
		2837E80C1AC11D550089FA33 /* HCMessageViewController.m in Sources */ = {isa = PBXBuildFile; fileRef = 2837E80B1AC11D550089FA33 /* HCMessageViewController.m */; };
		28431DDC1A8D692E00B12548 /* 11-clock.png in Resources */ = {isa = PBXBuildFile; fileRef = 28431DDA1A8D692E00B12548 /* 11-clock.png */; };
		28431DDD1A8D692E00B12548 /* 11-clock@2x.png in Resources */ = {isa = PBXBuildFile; fileRef = 28431DDB1A8D692E00B12548 /* 11-clock@2x.png */; };
		28431DE01A8D69BA00B12548 /* 78-stopwatch.png in Resources */ = {isa = PBXBuildFile; fileRef = 28431DDE1A8D69BA00B12548 /* 78-stopwatch.png */; };
		28431DE11A8D69BA00B12548 /* 78-stopwatch@2x.png in Resources */ = {isa = PBXBuildFile; fileRef = 28431DDF1A8D69BA00B12548 /* 78-stopwatch@2x.png */; };
		28431DE41A93914200B12548 /* NSDictionary+Attributes.m in Sources */ = {isa = PBXBuildFile; fileRef = 28431DE31A93914200B12548 /* NSDictionary+Attributes.m */; };
		286F43511A9F71DB0086AAC9 /* UIFont+HCFonts.m in Sources */ = {isa = PBXBuildFile; fileRef = 286F43501A9F71DB0086AAC9 /* UIFont+HCFonts.m */; };
		286F43531A9F7C290086AAC9 /* CoreLocation.framework in Frameworks */ = {isa = PBXBuildFile; fileRef = 286F43521A9F7C290086AAC9 /* CoreLocation.framework */; };
		287423D31B059F7200A3242C /* email-screen.jpg in Resources */ = {isa = PBXBuildFile; fileRef = 287423D21B059F7200A3242C /* email-screen.jpg */; };
		28793F011B28743900E2998F /* NSArray+Attributes.m in Sources */ = {isa = PBXBuildFile; fileRef = 28793F001B28743900E2998F /* NSArray+Attributes.m */; };
		288433BF1A8BD3AA0059FCE1 /* HCItemPageViewController.m in Sources */ = {isa = PBXBuildFile; fileRef = 288433BE1A8BD3AA0059FCE1 /* HCItemPageViewController.m */; };
		288433C21A8BD45E0059FCE1 /* HCContainerViewController.m in Sources */ = {isa = PBXBuildFile; fileRef = 288433C11A8BD45E0059FCE1 /* HCContainerViewController.m */; };
		288A74591B75305100F6A618 /* person.png in Resources */ = {isa = PBXBuildFile; fileRef = 288A74561B75305100F6A618 /* person.png */; };
		288A745A1B75305100F6A618 /* person@2x.png in Resources */ = {isa = PBXBuildFile; fileRef = 288A74571B75305100F6A618 /* person@2x.png */; };
		288A745B1B75305100F6A618 /* person@3x.png in Resources */ = {isa = PBXBuildFile; fileRef = 288A74581B75305100F6A618 /* person@3x.png */; };
		288A74611B7531DD00F6A618 /* search.png in Resources */ = {isa = PBXBuildFile; fileRef = 288A745E1B7531DD00F6A618 /* search.png */; };
		288A74621B7531DD00F6A618 /* search@2x.png in Resources */ = {isa = PBXBuildFile; fileRef = 288A745F1B7531DD00F6A618 /* search@2x.png */; };
		288A74631B7531DD00F6A618 /* search@3x.png in Resources */ = {isa = PBXBuildFile; fileRef = 288A74601B7531DD00F6A618 /* search@3x.png */; };
		288A74661B75345900F6A618 /* SHThoughtsViewController.m in Sources */ = {isa = PBXBuildFile; fileRef = 288A74651B75345900F6A618 /* SHThoughtsViewController.m */; };
		288A74691B75346800F6A618 /* SHBucketsViewController.m in Sources */ = {isa = PBXBuildFile; fileRef = 288A74681B75346800F6A618 /* SHBucketsViewController.m */; };
		288A746C1B77E6F600F6A618 /* LXObjectManager.m in Sources */ = {isa = PBXBuildFile; fileRef = 288A746B1B77E6F600F6A618 /* LXObjectManager.m */; };
		288A746F1B782FB400F6A618 /* SHSlackThoughtsViewController.m in Sources */ = {isa = PBXBuildFile; fileRef = 288A746E1B782FB400F6A618 /* SHSlackThoughtsViewController.m */; };
		288A74741B7859F600F6A618 /* SHItemTableViewCell.m in Sources */ = {isa = PBXBuildFile; fileRef = 288A74721B7859F600F6A618 /* SHItemTableViewCell.m */; };
		288A74751B7859F600F6A618 /* SHItemTableViewCell.xib in Resources */ = {isa = PBXBuildFile; fileRef = 288A74731B7859F600F6A618 /* SHItemTableViewCell.xib */; };
		288A74781B79815900F6A618 /* nudge_icon.png in Resources */ = {isa = PBXBuildFile; fileRef = 288A74771B79815900F6A618 /* nudge_icon.png */; };
		288A747B1B7985DA00F6A618 /* nudge_icon_white_swipe.png in Resources */ = {isa = PBXBuildFile; fileRef = 288A74791B7985DA00F6A618 /* nudge_icon_white_swipe.png */; };
		288A747C1B7985DA00F6A618 /* trash_icon_white_swipe.png in Resources */ = {isa = PBXBuildFile; fileRef = 288A747A1B7985DA00F6A618 /* trash_icon_white_swipe.png */; };
		288A74821B8A2FEB00F6A618 /* plus_icon_white_swipe.png in Resources */ = {isa = PBXBuildFile; fileRef = 288A74811B8A2FEB00F6A618 /* plus_icon_white_swipe.png */; };
		288F12211B73DE100001E0B0 /* LXObjects.m in Sources */ = {isa = PBXBuildFile; fileRef = 288F12201B73DE100001E0B0 /* LXObjects.m */; };
		288F12241B73DFC90001E0B0 /* LXUser.m in Sources */ = {isa = PBXBuildFile; fileRef = 288F12231B73DFC90001E0B0 /* LXUser.m */; };
		288F12271B751AF30001E0B0 /* LXBucket.m in Sources */ = {isa = PBXBuildFile; fileRef = 288F12261B751AF30001E0B0 /* LXBucket.m */; };
		288F122A1B751B040001E0B0 /* LXItem.m in Sources */ = {isa = PBXBuildFile; fileRef = 288F12291B751B040001E0B0 /* LXItem.m */; };
		288F122C1B7520DB0001E0B0 /* Seahorse.storyboard in Resources */ = {isa = PBXBuildFile; fileRef = 288F122B1B7520DB0001E0B0 /* Seahorse.storyboard */; };
		288F12341B7526AD0001E0B0 /* SHMainViewController.m in Sources */ = {isa = PBXBuildFile; fileRef = 288F12331B7526AD0001E0B0 /* SHMainViewController.m */; };
		288F12371B7527AF0001E0B0 /* UIColor+HCColors.m in Sources */ = {isa = PBXBuildFile; fileRef = 288F12361B7527AF0001E0B0 /* UIColor+HCColors.m */; };
		288F123A1B752C240001E0B0 /* Roboto-Regular.ttf in Resources */ = {isa = PBXBuildFile; fileRef = 288F12391B752A6A0001E0B0 /* Roboto-Regular.ttf */; };
		28A0857C1A700CB200BA1368 /* LXString+NSString.m in Sources */ = {isa = PBXBuildFile; fileRef = 28A0857B1A700CB200BA1368 /* LXString+NSString.m */; };
		28ACA39C1B8B73E800D7B215 /* SHLoadingTableViewCell.m in Sources */ = {isa = PBXBuildFile; fileRef = 28ACA39A1B8B73E800D7B215 /* SHLoadingTableViewCell.m */; };
		28ACA39D1B8B73E800D7B215 /* SHLoadingTableViewCell.xib in Resources */ = {isa = PBXBuildFile; fileRef = 28ACA39B1B8B73E800D7B215 /* SHLoadingTableViewCell.xib */; };
		28ACA3A11B8B7CF900D7B215 /* SHBucketTableViewCell.m in Sources */ = {isa = PBXBuildFile; fileRef = 28ACA39F1B8B7CF900D7B215 /* SHBucketTableViewCell.m */; };
		28ACA3A21B8B7CF900D7B215 /* SHBucketTableViewCell.xib in Resources */ = {isa = PBXBuildFile; fileRef = 28ACA3A01B8B7CF900D7B215 /* SHBucketTableViewCell.xib */; };
		28BD3EAF196F519B00BBF5B0 /* NSArray+Alphabet.m in Sources */ = {isa = PBXBuildFile; fileRef = 28BD3EAE196F519B00BBF5B0 /* NSArray+Alphabet.m */; };
		28CD3FB81AE9C2E200B3ABB6 /* compose-screen.jpg in Resources */ = {isa = PBXBuildFile; fileRef = 28CD3FB71AE9C2E200B3ABB6 /* compose-screen.jpg */; };
		28CD3FBA1AE9C80800B3ABB6 /* assign-screen.jpg in Resources */ = {isa = PBXBuildFile; fileRef = 28CD3FB91AE9C80800B3ABB6 /* assign-screen.jpg */; };
		28CD3FBC1AEA0D9900B3ABB6 /* all-screen.jpg in Resources */ = {isa = PBXBuildFile; fileRef = 28CD3FBB1AEA0D9900B3ABB6 /* all-screen.jpg */; };
		28CD3FBE1AEA0F8700B3ABB6 /* item-screen.jpg in Resources */ = {isa = PBXBuildFile; fileRef = 28CD3FBD1AEA0F8700B3ABB6 /* item-screen.jpg */; };
		28CD3FC01AEA887200B3ABB6 /* new-collection-screen.jpg in Resources */ = {isa = PBXBuildFile; fileRef = 28CD3FBF1AEA887200B3ABB6 /* new-collection-screen.jpg */; };
		28CD3FC21AEA89F400B3ABB6 /* nudge-screen.jpg in Resources */ = {isa = PBXBuildFile; fileRef = 28CD3FC11AEA89F400B3ABB6 /* nudge-screen.jpg */; };
		28CD3FC41AEADC1A00B3ABB6 /* permission-screen.jpg in Resources */ = {isa = PBXBuildFile; fileRef = 28CD3FC31AEADC1A00B3ABB6 /* permission-screen.jpg */; };
		28F5B8AB1ACC46BE00C7F5BC /* NSNumber+Helpers.m in Sources */ = {isa = PBXBuildFile; fileRef = 28F5B8AA1ACC46BE00C7F5BC /* NSNumber+Helpers.m */; };
		28F5B8AF1ACC58BE00C7F5BC /* AlarmClock-100.png in Resources */ = {isa = PBXBuildFile; fileRef = 28F5B8AE1ACC58BE00C7F5BC /* AlarmClock-100.png */; };
		28F5B8B21ACC9AD600C7F5BC /* UIImage+Helpers.m in Sources */ = {isa = PBXBuildFile; fileRef = 28F5B8B11ACC9AD600C7F5BC /* UIImage+Helpers.m */; };
		761596B31AB7847D00EE6259 /* HCItemTableViewCell.m in Sources */ = {isa = PBXBuildFile; fileRef = 761596B21AB7847D00EE6259 /* HCItemTableViewCell.m */; };
		761596B61AB7935C00EE6259 /* HCIndicatorTableViewCell.m in Sources */ = {isa = PBXBuildFile; fileRef = 761596B51AB7935B00EE6259 /* HCIndicatorTableViewCell.m */; };
		76450E511AE95308004D7FAD /* HCPopUpViewController.m in Sources */ = {isa = PBXBuildFile; fileRef = 76450E501AE95308004D7FAD /* HCPopUpViewController.m */; };
		76450E541AEA8509004D7FAD /* HCPermissionViewController.m in Sources */ = {isa = PBXBuildFile; fileRef = 76450E531AEA8509004D7FAD /* HCPermissionViewController.m */; };
		765B3D731AAF944700E599F3 /* HCRandomItemViewController.m in Sources */ = {isa = PBXBuildFile; fileRef = 765B3D721AAF944700E599F3 /* HCRandomItemViewController.m */; };
		766E1A2B1AF2AB140028BCD5 /* MediaPlayer.framework in Frameworks */ = {isa = PBXBuildFile; fileRef = 766E1A2A1AF2AB140028BCD5 /* MediaPlayer.framework */; };
		768D34911A94FDAA00D340C0 /* HCBucketDetailsViewController.m in Sources */ = {isa = PBXBuildFile; fileRef = 768D34901A94FDAA00D340C0 /* HCBucketDetailsViewController.m */; };
		769DCA701AB860660036E4BB /* HCExplanationTableViewCell.m in Sources */ = {isa = PBXBuildFile; fileRef = 769DCA6F1AB860660036E4BB /* HCExplanationTableViewCell.m */; };
		76AA7BD61AD717FD00291183 /* HCNameViewController.m in Sources */ = {isa = PBXBuildFile; fileRef = 76AA7BD51AD717FD00291183 /* HCNameViewController.m */; };
		76B029711AC1AF99003539B4 /* LXAddressBook.m in Sources */ = {isa = PBXBuildFile; fileRef = 76B029701AC1AF99003539B4 /* LXAddressBook.m */; };
		76B029741AC1EE21003539B4 /* HCContactTableViewCell.m in Sources */ = {isa = PBXBuildFile; fileRef = 76B029731AC1EE21003539B4 /* HCContactTableViewCell.m */; };
		76B029771AC20247003539B4 /* UILabel+Bold.m in Sources */ = {isa = PBXBuildFile; fileRef = 76B029761AC20247003539B4 /* UILabel+Bold.m */; };
		76B57C2C1AB0D65A00A67DE0 /* HCLocationNotesViewController.m in Sources */ = {isa = PBXBuildFile; fileRef = 76B57C2B1AB0D65A00A67DE0 /* HCLocationNotesViewController.m */; };
		76BE801B1AB7559F006262CB /* HCDetailsPhotoTableViewCell.m in Sources */ = {isa = PBXBuildFile; fileRef = 76BE801A1AB7559F006262CB /* HCDetailsPhotoTableViewCell.m */; };
		76BFE0721A7C0662005AD98C /* Introduction.storyboard in Resources */ = {isa = PBXBuildFile; fileRef = 76BFE0711A7C0662005AD98C /* Introduction.storyboard */; };
		76BFE0761A7C0FA8005AD98C /* HCIntroductionViewController.m in Sources */ = {isa = PBXBuildFile; fileRef = 76BFE0751A7C0FA8005AD98C /* HCIntroductionViewController.m */; };
		76BFE0791A7C1015005AD98C /* HCIntroductionQuestionViewController.m in Sources */ = {isa = PBXBuildFile; fileRef = 76BFE0781A7C1015005AD98C /* HCIntroductionQuestionViewController.m */; };
		76CA904F1AE15C9B00C6E400 /* LXSetup.m in Sources */ = {isa = PBXBuildFile; fileRef = 76CA904E1AE15C9B00C6E400 /* LXSetup.m */; };
		76CA90581AE19D1300C6E400 /* HCSetupViewController.m in Sources */ = {isa = PBXBuildFile; fileRef = 76CA90571AE19D1300C6E400 /* HCSetupViewController.m */; };
		76D965A31AD456AE008C1D3B /* HCCollaborateViewController.m in Sources */ = {isa = PBXBuildFile; fileRef = 76D965A21AD456AE008C1D3B /* HCCollaborateViewController.m */; };
		76D965A61AD45CEB008C1D3B /* HCCollaborateTableViewCell.m in Sources */ = {isa = PBXBuildFile; fileRef = 76D965A51AD45CEB008C1D3B /* HCCollaborateTableViewCell.m */; };
		76E6A1FD1A8BCFFA00B3669B /* LXRemindersViewController.m in Sources */ = {isa = PBXBuildFile; fileRef = 76E6A1FC1A8BCFFA00B3669B /* LXRemindersViewController.m */; };
		76F5964E1ACCB17300F32E47 /* HCChangeBucketTypeViewController.m in Sources */ = {isa = PBXBuildFile; fileRef = 76F5964D1ACCB17300F32E47 /* HCChangeBucketTypeViewController.m */; };
		76FBBD861A800F4300CAF765 /* HCIntroductionFailureViewController.m in Sources */ = {isa = PBXBuildFile; fileRef = 76FBBD851A800F4300CAF765 /* HCIntroductionFailureViewController.m */; };
		76FBBD881A80122A00CAF765 /* Messages.storyboard in Resources */ = {isa = PBXBuildFile; fileRef = 76FBBD871A80122A00CAF765 /* Messages.storyboard */; };
		76FBBD8B1A813D7D00CAF765 /* HCBucketViewController.m in Sources */ = {isa = PBXBuildFile; fileRef = 76FBBD8A1A813D7D00CAF765 /* HCBucketViewController.m */; };
/* End PBXBuildFile section */

/* Begin PBXContainerItemProxy section */
		281CA8F11951EC7E00E6BE96 /* PBXContainerItemProxy */ = {
			isa = PBXContainerItemProxy;
			containerPortal = 281CA8C01951EC7E00E6BE96 /* Project object */;
			proxyType = 1;
			remoteGlobalIDString = 281CA8C71951EC7E00E6BE96;
			remoteInfo = Hippocampus;
		};
/* End PBXContainerItemProxy section */

/* Begin PBXFileReference section */
		281CA8C81951EC7E00E6BE96 /* Hippocampus.app */ = {isa = PBXFileReference; explicitFileType = wrapper.application; includeInIndex = 0; path = Hippocampus.app; sourceTree = BUILT_PRODUCTS_DIR; };
		281CA8CB1951EC7E00E6BE96 /* Foundation.framework */ = {isa = PBXFileReference; lastKnownFileType = wrapper.framework; name = Foundation.framework; path = System/Library/Frameworks/Foundation.framework; sourceTree = SDKROOT; };
		281CA8CD1951EC7E00E6BE96 /* CoreGraphics.framework */ = {isa = PBXFileReference; lastKnownFileType = wrapper.framework; name = CoreGraphics.framework; path = System/Library/Frameworks/CoreGraphics.framework; sourceTree = SDKROOT; };
		281CA8CF1951EC7E00E6BE96 /* UIKit.framework */ = {isa = PBXFileReference; lastKnownFileType = wrapper.framework; name = UIKit.framework; path = System/Library/Frameworks/UIKit.framework; sourceTree = SDKROOT; };
		281CA8D31951EC7E00E6BE96 /* Hippocampus-Info.plist */ = {isa = PBXFileReference; lastKnownFileType = text.plist.xml; path = "Hippocampus-Info.plist"; sourceTree = "<group>"; };
		281CA8D51951EC7E00E6BE96 /* en */ = {isa = PBXFileReference; lastKnownFileType = text.plist.strings; name = en; path = en.lproj/InfoPlist.strings; sourceTree = "<group>"; };
		281CA8D71951EC7E00E6BE96 /* main.m */ = {isa = PBXFileReference; lastKnownFileType = sourcecode.c.objc; path = main.m; sourceTree = "<group>"; };
		281CA8D91951EC7E00E6BE96 /* Hippocampus-Prefix.pch */ = {isa = PBXFileReference; lastKnownFileType = sourcecode.c.h; path = "Hippocampus-Prefix.pch"; sourceTree = "<group>"; };
		281CA8DA1951EC7E00E6BE96 /* LXAppDelegate.h */ = {isa = PBXFileReference; lastKnownFileType = sourcecode.c.h; path = LXAppDelegate.h; sourceTree = "<group>"; };
		281CA8DB1951EC7E00E6BE96 /* LXAppDelegate.m */ = {isa = PBXFileReference; lastKnownFileType = sourcecode.c.objc; path = LXAppDelegate.m; sourceTree = "<group>"; };
		281CA8E61951EC7E00E6BE96 /* Images.xcassets */ = {isa = PBXFileReference; lastKnownFileType = folder.assetcatalog; path = Images.xcassets; sourceTree = "<group>"; };
		281CA8EC1951EC7E00E6BE96 /* HippocampusTests.xctest */ = {isa = PBXFileReference; explicitFileType = wrapper.cfbundle; includeInIndex = 0; path = HippocampusTests.xctest; sourceTree = BUILT_PRODUCTS_DIR; };
		281CA8ED1951EC7E00E6BE96 /* XCTest.framework */ = {isa = PBXFileReference; lastKnownFileType = wrapper.framework; name = XCTest.framework; path = Library/Frameworks/XCTest.framework; sourceTree = DEVELOPER_DIR; };
		281CA8F51951EC7E00E6BE96 /* HippocampusTests-Info.plist */ = {isa = PBXFileReference; lastKnownFileType = text.plist.xml; path = "HippocampusTests-Info.plist"; sourceTree = "<group>"; };
		281CA8F71951EC7E00E6BE96 /* en */ = {isa = PBXFileReference; lastKnownFileType = text.plist.strings; name = en; path = en.lproj/InfoPlist.strings; sourceTree = "<group>"; };
		281CA8F91951EC7E00E6BE96 /* HippocampusTests.m */ = {isa = PBXFileReference; lastKnownFileType = sourcecode.c.objc; path = HippocampusTests.m; sourceTree = "<group>"; };
		281CA9071951ECBA00E6BE96 /* LXServer.h */ = {isa = PBXFileReference; fileEncoding = 4; lastKnownFileType = sourcecode.c.h; path = LXServer.h; sourceTree = "<group>"; };
		281CA9081951ECBA00E6BE96 /* LXServer.m */ = {isa = PBXFileReference; fileEncoding = 4; lastKnownFileType = sourcecode.c.objc; path = LXServer.m; sourceTree = "<group>"; };
		281CA9091951ECBA00E6BE96 /* LXSession.h */ = {isa = PBXFileReference; fileEncoding = 4; lastKnownFileType = sourcecode.c.h; path = LXSession.h; sourceTree = "<group>"; };
		281CA90A1951ECBA00E6BE96 /* LXSession.m */ = {isa = PBXFileReference; fileEncoding = 4; lastKnownFileType = sourcecode.c.objc; path = LXSession.m; sourceTree = "<group>"; };
		281CA90D1951F34A00E6BE96 /* CoreData.framework */ = {isa = PBXFileReference; lastKnownFileType = wrapper.framework; name = CoreData.framework; path = System/Library/Frameworks/CoreData.framework; sourceTree = SDKROOT; };
		281CA9101951F36700E6BE96 /* Model.xcdatamodel */ = {isa = PBXFileReference; lastKnownFileType = wrapper.xcdatamodel; path = Model.xcdatamodel; sourceTree = "<group>"; };
		281CA91C196C29E500E6BE96 /* 256-box2.png */ = {isa = PBXFileReference; lastKnownFileType = image.png; path = "256-box2.png"; sourceTree = "<group>"; };
		281CA91D196C29E500E6BE96 /* 256-box2@2x.png */ = {isa = PBXFileReference; lastKnownFileType = image.png; path = "256-box2@2x.png"; sourceTree = "<group>"; };
		281CA920196C29F800E6BE96 /* 179-notepad.png */ = {isa = PBXFileReference; lastKnownFileType = image.png; path = "179-notepad.png"; sourceTree = "<group>"; };
		281CA921196C29F800E6BE96 /* 179-notepad@2x.png */ = {isa = PBXFileReference; lastKnownFileType = image.png; path = "179-notepad@2x.png"; sourceTree = "<group>"; };
		281CA924196C2B9100E6BE96 /* Login.storyboard */ = {isa = PBXFileReference; fileEncoding = 4; lastKnownFileType = file.storyboard; path = Login.storyboard; sourceTree = "<group>"; };
		281CA927196C2C2900E6BE96 /* HCLoginViewController.h */ = {isa = PBXFileReference; fileEncoding = 4; lastKnownFileType = sourcecode.c.h; path = HCLoginViewController.h; sourceTree = "<group>"; };
		281CA928196C2C2900E6BE96 /* HCLoginViewController.m */ = {isa = PBXFileReference; fileEncoding = 4; lastKnownFileType = sourcecode.c.objc; path = HCLoginViewController.m; sourceTree = "<group>"; };
		281CA935196C458400E6BE96 /* HCBucketsTableViewController.h */ = {isa = PBXFileReference; fileEncoding = 4; lastKnownFileType = sourcecode.c.h; path = HCBucketsTableViewController.h; sourceTree = "<group>"; };
		281CA936196C458400E6BE96 /* HCBucketsTableViewController.m */ = {isa = PBXFileReference; fileEncoding = 4; lastKnownFileType = sourcecode.c.objc; path = HCBucketsTableViewController.m; sourceTree = "<group>"; };
		281CA93D196C8D0500E6BE96 /* HCItemTableViewController.h */ = {isa = PBXFileReference; fileEncoding = 4; lastKnownFileType = sourcecode.c.h; path = HCItemTableViewController.h; sourceTree = "<group>"; };
		281CA93E196C8D0500E6BE96 /* HCItemTableViewController.m */ = {isa = PBXFileReference; fileEncoding = 4; lastKnownFileType = sourcecode.c.objc; path = HCItemTableViewController.m; sourceTree = "<group>"; };
		281CA94A196D9EE100E6BE96 /* HCNewBucketIITableViewController.h */ = {isa = PBXFileReference; fileEncoding = 4; lastKnownFileType = sourcecode.c.h; path = HCNewBucketIITableViewController.h; sourceTree = "<group>"; };
		281CA94B196D9EE100E6BE96 /* HCNewBucketIITableViewController.m */ = {isa = PBXFileReference; fileEncoding = 4; lastKnownFileType = sourcecode.c.objc; path = HCNewBucketIITableViewController.m; sourceTree = "<group>"; };
		281CA94E196DB62A00E6BE96 /* LXDate+RailsTimeConverter.h */ = {isa = PBXFileReference; fileEncoding = 4; lastKnownFileType = sourcecode.c.h; path = "LXDate+RailsTimeConverter.h"; sourceTree = "<group>"; };
		281CA94F196DB62A00E6BE96 /* LXDate+RailsTimeConverter.m */ = {isa = PBXFileReference; fileEncoding = 4; lastKnownFileType = sourcecode.c.objc; path = "LXDate+RailsTimeConverter.m"; sourceTree = "<group>"; };
		2826C6061AD70828008DC533 /* Tutorial.storyboard */ = {isa = PBXFileReference; fileEncoding = 4; lastKnownFileType = file.storyboard; path = Tutorial.storyboard; sourceTree = "<group>"; };
		2826C60A1AD848DB008DC533 /* tutorial.png */ = {isa = PBXFileReference; lastKnownFileType = image.png; path = tutorial.png; sourceTree = "<group>"; };
		2826C60C1ADC9474008DC533 /* Group-100.png */ = {isa = PBXFileReference; lastKnownFileType = image.png; path = "Group-100.png"; sourceTree = "<group>"; };
		2826C60F1ADDA5D1008DC533 /* txt_scrnsht.png */ = {isa = PBXFileReference; lastKnownFileType = image.png; path = txt_scrnsht.png; sourceTree = "<group>"; };
		2826C6111ADDA684008DC533 /* FBVerifyPhoneNumberViewController.h */ = {isa = PBXFileReference; fileEncoding = 4; lastKnownFileType = sourcecode.c.h; path = FBVerifyPhoneNumberViewController.h; sourceTree = "<group>"; };
		2826C6121ADDA684008DC533 /* FBVerifyPhoneNumberViewController.m */ = {isa = PBXFileReference; fileEncoding = 4; lastKnownFileType = sourcecode.c.objc; path = FBVerifyPhoneNumberViewController.m; sourceTree = "<group>"; };
		2826C6141ADDA6AF008DC533 /* NSString+SHAEncryption.h */ = {isa = PBXFileReference; fileEncoding = 4; lastKnownFileType = sourcecode.c.h; path = "NSString+SHAEncryption.h"; sourceTree = "<group>"; };
		2826C6151ADDA6AF008DC533 /* NSString+SHAEncryption.m */ = {isa = PBXFileReference; fileEncoding = 4; lastKnownFileType = sourcecode.c.objc; path = "NSString+SHAEncryption.m"; sourceTree = "<group>"; };
		2827B8481970B6D900F595D9 /* HCReminderViewController.h */ = {isa = PBXFileReference; fileEncoding = 4; lastKnownFileType = sourcecode.c.h; path = HCReminderViewController.h; sourceTree = "<group>"; };
		2827B8491970B6D900F595D9 /* HCReminderViewController.m */ = {isa = PBXFileReference; fileEncoding = 4; lastKnownFileType = sourcecode.c.objc; path = HCReminderViewController.m; sourceTree = "<group>"; };
		283700871A6F199600C16E87 /* LXTokenViewController.h */ = {isa = PBXFileReference; fileEncoding = 4; lastKnownFileType = sourcecode.c.h; path = LXTokenViewController.h; sourceTree = "<group>"; };
		283700881A6F199600C16E87 /* LXTokenViewController.m */ = {isa = PBXFileReference; fileEncoding = 4; lastKnownFileType = sourcecode.c.objc; path = LXTokenViewController.m; sourceTree = "<group>"; };
		2837008A1A6F34F000C16E87 /* 06-magnify.png */ = {isa = PBXFileReference; lastKnownFileType = image.png; path = "06-magnify.png"; sourceTree = "<group>"; };
		2837008B1A6F34F000C16E87 /* 06-magnify@2x.png */ = {isa = PBXFileReference; lastKnownFileType = image.png; path = "06-magnify@2x.png"; sourceTree = "<group>"; };
		2837008E1A6F366E00C16E87 /* 122-stats.png */ = {isa = PBXFileReference; lastKnownFileType = image.png; path = "122-stats.png"; sourceTree = "<group>"; };
		2837008F1A6F366E00C16E87 /* 122-stats@2x.png */ = {isa = PBXFileReference; lastKnownFileType = image.png; path = "122-stats@2x.png"; sourceTree = "<group>"; };
		2837E7FB1ABD06460089FA33 /* Photo-100.png */ = {isa = PBXFileReference; lastKnownFileType = image.png; path = "Photo-100.png"; sourceTree = "<group>"; };
		2837E7FD1ABD082C0089FA33 /* Photo-100-blue.png */ = {isa = PBXFileReference; lastKnownFileType = image.png; path = "Photo-100-blue.png"; sourceTree = "<group>"; };
		2837E7FF1ABD09400089FA33 /* More-100.png */ = {isa = PBXFileReference; lastKnownFileType = image.png; path = "More-100.png"; sourceTree = "<group>"; };
		2837E8011AC0A8DC0089FA33 /* UIPickerView+CustomPicker.h */ = {isa = PBXFileReference; fileEncoding = 4; lastKnownFileType = sourcecode.c.h; path = "UIPickerView+CustomPicker.h"; sourceTree = "<group>"; };
		2837E8021AC0A8DC0089FA33 /* UIPickerView+CustomPicker.m */ = {isa = PBXFileReference; fileEncoding = 4; lastKnownFileType = sourcecode.c.objc; path = "UIPickerView+CustomPicker.m"; sourceTree = "<group>"; };
		2837E8041AC11D2A0089FA33 /* HCInitialViewController.h */ = {isa = PBXFileReference; fileEncoding = 4; lastKnownFileType = sourcecode.c.h; path = HCInitialViewController.h; sourceTree = "<group>"; };
		2837E8051AC11D2A0089FA33 /* HCInitialViewController.m */ = {isa = PBXFileReference; fileEncoding = 4; lastKnownFileType = sourcecode.c.objc; path = HCInitialViewController.m; sourceTree = "<group>"; };
		2837E8071AC11D400089FA33 /* HCOnboardingPageViewController.h */ = {isa = PBXFileReference; fileEncoding = 4; lastKnownFileType = sourcecode.c.h; path = HCOnboardingPageViewController.h; sourceTree = "<group>"; };
		2837E8081AC11D400089FA33 /* HCOnboardingPageViewController.m */ = {isa = PBXFileReference; fileEncoding = 4; lastKnownFileType = sourcecode.c.objc; path = HCOnboardingPageViewController.m; sourceTree = "<group>"; };
		2837E80A1AC11D550089FA33 /* HCMessageViewController.h */ = {isa = PBXFileReference; fileEncoding = 4; lastKnownFileType = sourcecode.c.h; path = HCMessageViewController.h; sourceTree = "<group>"; };
		2837E80B1AC11D550089FA33 /* HCMessageViewController.m */ = {isa = PBXFileReference; fileEncoding = 4; lastKnownFileType = sourcecode.c.objc; path = HCMessageViewController.m; sourceTree = "<group>"; };
		28431DDA1A8D692E00B12548 /* 11-clock.png */ = {isa = PBXFileReference; lastKnownFileType = image.png; path = "11-clock.png"; sourceTree = "<group>"; };
		28431DDB1A8D692E00B12548 /* 11-clock@2x.png */ = {isa = PBXFileReference; lastKnownFileType = image.png; path = "11-clock@2x.png"; sourceTree = "<group>"; };
		28431DDE1A8D69BA00B12548 /* 78-stopwatch.png */ = {isa = PBXFileReference; lastKnownFileType = image.png; path = "78-stopwatch.png"; sourceTree = "<group>"; };
		28431DDF1A8D69BA00B12548 /* 78-stopwatch@2x.png */ = {isa = PBXFileReference; lastKnownFileType = image.png; path = "78-stopwatch@2x.png"; sourceTree = "<group>"; };
		28431DE21A93914200B12548 /* NSDictionary+Attributes.h */ = {isa = PBXFileReference; fileEncoding = 4; lastKnownFileType = sourcecode.c.h; path = "NSDictionary+Attributes.h"; sourceTree = "<group>"; };
		28431DE31A93914200B12548 /* NSDictionary+Attributes.m */ = {isa = PBXFileReference; fileEncoding = 4; lastKnownFileType = sourcecode.c.objc; path = "NSDictionary+Attributes.m"; sourceTree = "<group>"; };
		286F434F1A9F71DB0086AAC9 /* UIFont+HCFonts.h */ = {isa = PBXFileReference; fileEncoding = 4; lastKnownFileType = sourcecode.c.h; path = "UIFont+HCFonts.h"; sourceTree = "<group>"; };
		286F43501A9F71DB0086AAC9 /* UIFont+HCFonts.m */ = {isa = PBXFileReference; fileEncoding = 4; lastKnownFileType = sourcecode.c.objc; path = "UIFont+HCFonts.m"; sourceTree = "<group>"; };
		286F43521A9F7C290086AAC9 /* CoreLocation.framework */ = {isa = PBXFileReference; lastKnownFileType = wrapper.framework; name = CoreLocation.framework; path = System/Library/Frameworks/CoreLocation.framework; sourceTree = SDKROOT; };
		287423D11B0592B000A3242C /* Model 4.xcdatamodel */ = {isa = PBXFileReference; lastKnownFileType = wrapper.xcdatamodel; path = "Model 4.xcdatamodel"; sourceTree = "<group>"; };
		287423D21B059F7200A3242C /* email-screen.jpg */ = {isa = PBXFileReference; lastKnownFileType = image.jpeg; path = "email-screen.jpg"; sourceTree = "<group>"; };
		28793EFF1B28743900E2998F /* NSArray+Attributes.h */ = {isa = PBXFileReference; fileEncoding = 4; lastKnownFileType = sourcecode.c.h; path = "NSArray+Attributes.h"; sourceTree = "<group>"; };
		28793F001B28743900E2998F /* NSArray+Attributes.m */ = {isa = PBXFileReference; fileEncoding = 4; lastKnownFileType = sourcecode.c.objc; path = "NSArray+Attributes.m"; sourceTree = "<group>"; };
		288433BD1A8BD3AA0059FCE1 /* HCItemPageViewController.h */ = {isa = PBXFileReference; fileEncoding = 4; lastKnownFileType = sourcecode.c.h; path = HCItemPageViewController.h; sourceTree = "<group>"; };
		288433BE1A8BD3AA0059FCE1 /* HCItemPageViewController.m */ = {isa = PBXFileReference; fileEncoding = 4; lastKnownFileType = sourcecode.c.objc; path = HCItemPageViewController.m; sourceTree = "<group>"; };
		288433C01A8BD45E0059FCE1 /* HCContainerViewController.h */ = {isa = PBXFileReference; fileEncoding = 4; lastKnownFileType = sourcecode.c.h; path = HCContainerViewController.h; sourceTree = "<group>"; };
		288433C11A8BD45E0059FCE1 /* HCContainerViewController.m */ = {isa = PBXFileReference; fileEncoding = 4; lastKnownFileType = sourcecode.c.objc; path = HCContainerViewController.m; sourceTree = "<group>"; };
		288A74561B75305100F6A618 /* person.png */ = {isa = PBXFileReference; lastKnownFileType = image.png; path = person.png; sourceTree = "<group>"; };
		288A74571B75305100F6A618 /* person@2x.png */ = {isa = PBXFileReference; lastKnownFileType = image.png; path = "person@2x.png"; sourceTree = "<group>"; };
		288A74581B75305100F6A618 /* person@3x.png */ = {isa = PBXFileReference; lastKnownFileType = image.png; path = "person@3x.png"; sourceTree = "<group>"; };
		288A745E1B7531DD00F6A618 /* search.png */ = {isa = PBXFileReference; lastKnownFileType = image.png; path = search.png; sourceTree = "<group>"; };
		288A745F1B7531DD00F6A618 /* search@2x.png */ = {isa = PBXFileReference; lastKnownFileType = image.png; path = "search@2x.png"; sourceTree = "<group>"; };
		288A74601B7531DD00F6A618 /* search@3x.png */ = {isa = PBXFileReference; lastKnownFileType = image.png; path = "search@3x.png"; sourceTree = "<group>"; };
		288A74641B75345900F6A618 /* SHThoughtsViewController.h */ = {isa = PBXFileReference; fileEncoding = 4; lastKnownFileType = sourcecode.c.h; path = SHThoughtsViewController.h; sourceTree = "<group>"; };
		288A74651B75345900F6A618 /* SHThoughtsViewController.m */ = {isa = PBXFileReference; fileEncoding = 4; lastKnownFileType = sourcecode.c.objc; path = SHThoughtsViewController.m; sourceTree = "<group>"; };
		288A74671B75346800F6A618 /* SHBucketsViewController.h */ = {isa = PBXFileReference; fileEncoding = 4; lastKnownFileType = sourcecode.c.h; path = SHBucketsViewController.h; sourceTree = "<group>"; };
		288A74681B75346800F6A618 /* SHBucketsViewController.m */ = {isa = PBXFileReference; fileEncoding = 4; lastKnownFileType = sourcecode.c.objc; path = SHBucketsViewController.m; sourceTree = "<group>"; };
		288A746A1B77E6F600F6A618 /* LXObjectManager.h */ = {isa = PBXFileReference; fileEncoding = 4; lastKnownFileType = sourcecode.c.h; path = LXObjectManager.h; sourceTree = "<group>"; };
		288A746B1B77E6F600F6A618 /* LXObjectManager.m */ = {isa = PBXFileReference; fileEncoding = 4; lastKnownFileType = sourcecode.c.objc; path = LXObjectManager.m; sourceTree = "<group>"; };
		288A746D1B782FB400F6A618 /* SHSlackThoughtsViewController.h */ = {isa = PBXFileReference; fileEncoding = 4; lastKnownFileType = sourcecode.c.h; path = SHSlackThoughtsViewController.h; sourceTree = "<group>"; };
		288A746E1B782FB400F6A618 /* SHSlackThoughtsViewController.m */ = {isa = PBXFileReference; fileEncoding = 4; lastKnownFileType = sourcecode.c.objc; path = SHSlackThoughtsViewController.m; sourceTree = "<group>"; };
		288A74711B7859F600F6A618 /* SHItemTableViewCell.h */ = {isa = PBXFileReference; fileEncoding = 4; lastKnownFileType = sourcecode.c.h; path = SHItemTableViewCell.h; sourceTree = "<group>"; };
		288A74721B7859F600F6A618 /* SHItemTableViewCell.m */ = {isa = PBXFileReference; fileEncoding = 4; lastKnownFileType = sourcecode.c.objc; path = SHItemTableViewCell.m; sourceTree = "<group>"; };
		288A74731B7859F600F6A618 /* SHItemTableViewCell.xib */ = {isa = PBXFileReference; fileEncoding = 4; lastKnownFileType = file.xib; path = SHItemTableViewCell.xib; sourceTree = "<group>"; };
		288A74771B79815900F6A618 /* nudge_icon.png */ = {isa = PBXFileReference; lastKnownFileType = image.png; path = nudge_icon.png; sourceTree = "<group>"; };
		288A74791B7985DA00F6A618 /* nudge_icon_white_swipe.png */ = {isa = PBXFileReference; lastKnownFileType = image.png; path = nudge_icon_white_swipe.png; sourceTree = "<group>"; };
		288A747A1B7985DA00F6A618 /* trash_icon_white_swipe.png */ = {isa = PBXFileReference; lastKnownFileType = image.png; path = trash_icon_white_swipe.png; sourceTree = "<group>"; };
		288A74811B8A2FEB00F6A618 /* plus_icon_white_swipe.png */ = {isa = PBXFileReference; lastKnownFileType = image.png; path = plus_icon_white_swipe.png; sourceTree = "<group>"; };
		288F121F1B73DE100001E0B0 /* LXObjects.h */ = {isa = PBXFileReference; fileEncoding = 4; lastKnownFileType = sourcecode.c.h; path = LXObjects.h; sourceTree = "<group>"; };
		288F12201B73DE100001E0B0 /* LXObjects.m */ = {isa = PBXFileReference; fileEncoding = 4; lastKnownFileType = sourcecode.c.objc; path = LXObjects.m; sourceTree = "<group>"; };
		288F12221B73DFC90001E0B0 /* LXUser.h */ = {isa = PBXFileReference; fileEncoding = 4; lastKnownFileType = sourcecode.c.h; path = LXUser.h; sourceTree = "<group>"; };
		288F12231B73DFC90001E0B0 /* LXUser.m */ = {isa = PBXFileReference; fileEncoding = 4; lastKnownFileType = sourcecode.c.objc; path = LXUser.m; sourceTree = "<group>"; };
		288F12251B751AF30001E0B0 /* LXBucket.h */ = {isa = PBXFileReference; fileEncoding = 4; lastKnownFileType = sourcecode.c.h; path = LXBucket.h; sourceTree = "<group>"; };
		288F12261B751AF30001E0B0 /* LXBucket.m */ = {isa = PBXFileReference; fileEncoding = 4; lastKnownFileType = sourcecode.c.objc; path = LXBucket.m; sourceTree = "<group>"; };
		288F12281B751B040001E0B0 /* LXItem.h */ = {isa = PBXFileReference; fileEncoding = 4; lastKnownFileType = sourcecode.c.h; path = LXItem.h; sourceTree = "<group>"; };
		288F12291B751B040001E0B0 /* LXItem.m */ = {isa = PBXFileReference; fileEncoding = 4; lastKnownFileType = sourcecode.c.objc; path = LXItem.m; sourceTree = "<group>"; };
		288F122B1B7520DB0001E0B0 /* Seahorse.storyboard */ = {isa = PBXFileReference; fileEncoding = 4; lastKnownFileType = file.storyboard; path = Seahorse.storyboard; sourceTree = "<group>"; };
		288F12321B7526AD0001E0B0 /* SHMainViewController.h */ = {isa = PBXFileReference; fileEncoding = 4; lastKnownFileType = sourcecode.c.h; path = SHMainViewController.h; sourceTree = "<group>"; };
		288F12331B7526AD0001E0B0 /* SHMainViewController.m */ = {isa = PBXFileReference; fileEncoding = 4; lastKnownFileType = sourcecode.c.objc; path = SHMainViewController.m; sourceTree = "<group>"; };
		288F12351B7527AF0001E0B0 /* UIColor+HCColors.h */ = {isa = PBXFileReference; fileEncoding = 4; lastKnownFileType = sourcecode.c.h; path = "UIColor+HCColors.h"; sourceTree = "<group>"; };
		288F12361B7527AF0001E0B0 /* UIColor+HCColors.m */ = {isa = PBXFileReference; fileEncoding = 4; lastKnownFileType = sourcecode.c.objc; path = "UIColor+HCColors.m"; sourceTree = "<group>"; };
		288F12391B752A6A0001E0B0 /* Roboto-Regular.ttf */ = {isa = PBXFileReference; lastKnownFileType = file; path = "Roboto-Regular.ttf"; sourceTree = "<group>"; };
		28A0857A1A700CB200BA1368 /* LXString+NSString.h */ = {isa = PBXFileReference; fileEncoding = 4; lastKnownFileType = sourcecode.c.h; path = "LXString+NSString.h"; sourceTree = "<group>"; };
		28A0857B1A700CB200BA1368 /* LXString+NSString.m */ = {isa = PBXFileReference; fileEncoding = 4; lastKnownFileType = sourcecode.c.objc; path = "LXString+NSString.m"; sourceTree = "<group>"; };
		28ACA3991B8B73E800D7B215 /* SHLoadingTableViewCell.h */ = {isa = PBXFileReference; fileEncoding = 4; lastKnownFileType = sourcecode.c.h; path = SHLoadingTableViewCell.h; sourceTree = "<group>"; };
		28ACA39A1B8B73E800D7B215 /* SHLoadingTableViewCell.m */ = {isa = PBXFileReference; fileEncoding = 4; lastKnownFileType = sourcecode.c.objc; path = SHLoadingTableViewCell.m; sourceTree = "<group>"; };
		28ACA39B1B8B73E800D7B215 /* SHLoadingTableViewCell.xib */ = {isa = PBXFileReference; fileEncoding = 4; lastKnownFileType = file.xib; path = SHLoadingTableViewCell.xib; sourceTree = "<group>"; };
		28ACA39E1B8B7CF900D7B215 /* SHBucketTableViewCell.h */ = {isa = PBXFileReference; fileEncoding = 4; lastKnownFileType = sourcecode.c.h; path = SHBucketTableViewCell.h; sourceTree = "<group>"; };
		28ACA39F1B8B7CF900D7B215 /* SHBucketTableViewCell.m */ = {isa = PBXFileReference; fileEncoding = 4; lastKnownFileType = sourcecode.c.objc; path = SHBucketTableViewCell.m; sourceTree = "<group>"; };
		28ACA3A01B8B7CF900D7B215 /* SHBucketTableViewCell.xib */ = {isa = PBXFileReference; fileEncoding = 4; lastKnownFileType = file.xib; path = SHBucketTableViewCell.xib; sourceTree = "<group>"; };
		28BD3EAD196F519B00BBF5B0 /* NSArray+Alphabet.h */ = {isa = PBXFileReference; fileEncoding = 4; lastKnownFileType = sourcecode.c.h; path = "NSArray+Alphabet.h"; sourceTree = "<group>"; };
		28BD3EAE196F519B00BBF5B0 /* NSArray+Alphabet.m */ = {isa = PBXFileReference; fileEncoding = 4; lastKnownFileType = sourcecode.c.objc; path = "NSArray+Alphabet.m"; sourceTree = "<group>"; };
		28CD3FB71AE9C2E200B3ABB6 /* compose-screen.jpg */ = {isa = PBXFileReference; lastKnownFileType = image.jpeg; path = "compose-screen.jpg"; sourceTree = "<group>"; };
		28CD3FB91AE9C80800B3ABB6 /* assign-screen.jpg */ = {isa = PBXFileReference; lastKnownFileType = image.jpeg; path = "assign-screen.jpg"; sourceTree = "<group>"; };
		28CD3FBB1AEA0D9900B3ABB6 /* all-screen.jpg */ = {isa = PBXFileReference; lastKnownFileType = image.jpeg; path = "all-screen.jpg"; sourceTree = "<group>"; };
		28CD3FBD1AEA0F8700B3ABB6 /* item-screen.jpg */ = {isa = PBXFileReference; lastKnownFileType = image.jpeg; path = "item-screen.jpg"; sourceTree = "<group>"; };
		28CD3FBF1AEA887200B3ABB6 /* new-collection-screen.jpg */ = {isa = PBXFileReference; lastKnownFileType = image.jpeg; path = "new-collection-screen.jpg"; sourceTree = "<group>"; };
		28CD3FC11AEA89F400B3ABB6 /* nudge-screen.jpg */ = {isa = PBXFileReference; lastKnownFileType = image.jpeg; path = "nudge-screen.jpg"; sourceTree = "<group>"; };
		28CD3FC31AEADC1A00B3ABB6 /* permission-screen.jpg */ = {isa = PBXFileReference; lastKnownFileType = image.jpeg; path = "permission-screen.jpg"; sourceTree = "<group>"; };
		28F5B8A81ACC378000C7F5BC /* Model 2.xcdatamodel */ = {isa = PBXFileReference; lastKnownFileType = wrapper.xcdatamodel; path = "Model 2.xcdatamodel"; sourceTree = "<group>"; };
		28F5B8A91ACC46BE00C7F5BC /* NSNumber+Helpers.h */ = {isa = PBXFileReference; fileEncoding = 4; lastKnownFileType = sourcecode.c.h; path = "NSNumber+Helpers.h"; sourceTree = "<group>"; };
		28F5B8AA1ACC46BE00C7F5BC /* NSNumber+Helpers.m */ = {isa = PBXFileReference; fileEncoding = 4; lastKnownFileType = sourcecode.c.objc; path = "NSNumber+Helpers.m"; sourceTree = "<group>"; };
		28F5B8AE1ACC58BE00C7F5BC /* AlarmClock-100.png */ = {isa = PBXFileReference; lastKnownFileType = image.png; path = "AlarmClock-100.png"; sourceTree = "<group>"; };
		28F5B8B01ACC9AD600C7F5BC /* UIImage+Helpers.h */ = {isa = PBXFileReference; fileEncoding = 4; lastKnownFileType = sourcecode.c.h; path = "UIImage+Helpers.h"; sourceTree = "<group>"; };
		28F5B8B11ACC9AD600C7F5BC /* UIImage+Helpers.m */ = {isa = PBXFileReference; fileEncoding = 4; lastKnownFileType = sourcecode.c.objc; path = "UIImage+Helpers.m"; sourceTree = "<group>"; };
		48B234900A21648A78B84A3E /* Pods.release.xcconfig */ = {isa = PBXFileReference; includeInIndex = 1; lastKnownFileType = text.xcconfig; name = Pods.release.xcconfig; path = "Pods/Target Support Files/Pods/Pods.release.xcconfig"; sourceTree = "<group>"; };
		761596B11AB7847D00EE6259 /* HCItemTableViewCell.h */ = {isa = PBXFileReference; fileEncoding = 4; lastKnownFileType = sourcecode.c.h; path = HCItemTableViewCell.h; sourceTree = "<group>"; };
		761596B21AB7847D00EE6259 /* HCItemTableViewCell.m */ = {isa = PBXFileReference; fileEncoding = 4; lastKnownFileType = sourcecode.c.objc; path = HCItemTableViewCell.m; sourceTree = "<group>"; };
		761596B41AB7935B00EE6259 /* HCIndicatorTableViewCell.h */ = {isa = PBXFileReference; fileEncoding = 4; lastKnownFileType = sourcecode.c.h; path = HCIndicatorTableViewCell.h; sourceTree = "<group>"; };
		761596B51AB7935B00EE6259 /* HCIndicatorTableViewCell.m */ = {isa = PBXFileReference; fileEncoding = 4; lastKnownFileType = sourcecode.c.objc; path = HCIndicatorTableViewCell.m; sourceTree = "<group>"; };
		76450E4F1AE95308004D7FAD /* HCPopUpViewController.h */ = {isa = PBXFileReference; fileEncoding = 4; lastKnownFileType = sourcecode.c.h; path = HCPopUpViewController.h; sourceTree = "<group>"; };
		76450E501AE95308004D7FAD /* HCPopUpViewController.m */ = {isa = PBXFileReference; fileEncoding = 4; lastKnownFileType = sourcecode.c.objc; path = HCPopUpViewController.m; sourceTree = "<group>"; };
		76450E521AEA8509004D7FAD /* HCPermissionViewController.h */ = {isa = PBXFileReference; fileEncoding = 4; lastKnownFileType = sourcecode.c.h; path = HCPermissionViewController.h; sourceTree = "<group>"; };
		76450E531AEA8509004D7FAD /* HCPermissionViewController.m */ = {isa = PBXFileReference; fileEncoding = 4; lastKnownFileType = sourcecode.c.objc; path = HCPermissionViewController.m; sourceTree = "<group>"; };
		765B3D711AAF944700E599F3 /* HCRandomItemViewController.h */ = {isa = PBXFileReference; fileEncoding = 4; lastKnownFileType = sourcecode.c.h; path = HCRandomItemViewController.h; sourceTree = "<group>"; };
		765B3D721AAF944700E599F3 /* HCRandomItemViewController.m */ = {isa = PBXFileReference; fileEncoding = 4; lastKnownFileType = sourcecode.c.objc; path = HCRandomItemViewController.m; sourceTree = "<group>"; };
		766E1A2A1AF2AB140028BCD5 /* MediaPlayer.framework */ = {isa = PBXFileReference; lastKnownFileType = wrapper.framework; name = MediaPlayer.framework; path = System/Library/Frameworks/MediaPlayer.framework; sourceTree = SDKROOT; };
		768D348F1A94FDAA00D340C0 /* HCBucketDetailsViewController.h */ = {isa = PBXFileReference; fileEncoding = 4; lastKnownFileType = sourcecode.c.h; path = HCBucketDetailsViewController.h; sourceTree = "<group>"; };
		768D34901A94FDAA00D340C0 /* HCBucketDetailsViewController.m */ = {isa = PBXFileReference; fileEncoding = 4; lastKnownFileType = sourcecode.c.objc; path = HCBucketDetailsViewController.m; sourceTree = "<group>"; };
		769DCA6E1AB860660036E4BB /* HCExplanationTableViewCell.h */ = {isa = PBXFileReference; fileEncoding = 4; lastKnownFileType = sourcecode.c.h; path = HCExplanationTableViewCell.h; sourceTree = "<group>"; };
		769DCA6F1AB860660036E4BB /* HCExplanationTableViewCell.m */ = {isa = PBXFileReference; fileEncoding = 4; lastKnownFileType = sourcecode.c.objc; path = HCExplanationTableViewCell.m; sourceTree = "<group>"; };
		76AA7BD41AD717FD00291183 /* HCNameViewController.h */ = {isa = PBXFileReference; fileEncoding = 4; lastKnownFileType = sourcecode.c.h; path = HCNameViewController.h; sourceTree = "<group>"; };
		76AA7BD51AD717FD00291183 /* HCNameViewController.m */ = {isa = PBXFileReference; fileEncoding = 4; lastKnownFileType = sourcecode.c.objc; path = HCNameViewController.m; sourceTree = "<group>"; };
		76B0296F1AC1AF99003539B4 /* LXAddressBook.h */ = {isa = PBXFileReference; fileEncoding = 4; lastKnownFileType = sourcecode.c.h; path = LXAddressBook.h; sourceTree = "<group>"; };
		76B029701AC1AF99003539B4 /* LXAddressBook.m */ = {isa = PBXFileReference; fileEncoding = 4; lastKnownFileType = sourcecode.c.objc; path = LXAddressBook.m; sourceTree = "<group>"; };
		76B029721AC1EE21003539B4 /* HCContactTableViewCell.h */ = {isa = PBXFileReference; fileEncoding = 4; lastKnownFileType = sourcecode.c.h; path = HCContactTableViewCell.h; sourceTree = "<group>"; };
		76B029731AC1EE21003539B4 /* HCContactTableViewCell.m */ = {isa = PBXFileReference; fileEncoding = 4; lastKnownFileType = sourcecode.c.objc; path = HCContactTableViewCell.m; sourceTree = "<group>"; };
		76B029751AC20247003539B4 /* UILabel+Bold.h */ = {isa = PBXFileReference; fileEncoding = 4; lastKnownFileType = sourcecode.c.h; path = "UILabel+Bold.h"; sourceTree = "<group>"; };
		76B029761AC20247003539B4 /* UILabel+Bold.m */ = {isa = PBXFileReference; fileEncoding = 4; lastKnownFileType = sourcecode.c.objc; path = "UILabel+Bold.m"; sourceTree = "<group>"; };
		76B57C2A1AB0D65A00A67DE0 /* HCLocationNotesViewController.h */ = {isa = PBXFileReference; fileEncoding = 4; lastKnownFileType = sourcecode.c.h; path = HCLocationNotesViewController.h; sourceTree = "<group>"; };
		76B57C2B1AB0D65A00A67DE0 /* HCLocationNotesViewController.m */ = {isa = PBXFileReference; fileEncoding = 4; lastKnownFileType = sourcecode.c.objc; path = HCLocationNotesViewController.m; sourceTree = "<group>"; };
		76BE80191AB7559F006262CB /* HCDetailsPhotoTableViewCell.h */ = {isa = PBXFileReference; fileEncoding = 4; lastKnownFileType = sourcecode.c.h; path = HCDetailsPhotoTableViewCell.h; sourceTree = "<group>"; };
		76BE801A1AB7559F006262CB /* HCDetailsPhotoTableViewCell.m */ = {isa = PBXFileReference; fileEncoding = 4; lastKnownFileType = sourcecode.c.objc; path = HCDetailsPhotoTableViewCell.m; sourceTree = "<group>"; };
		76BFE0711A7C0662005AD98C /* Introduction.storyboard */ = {isa = PBXFileReference; fileEncoding = 4; lastKnownFileType = file.storyboard; path = Introduction.storyboard; sourceTree = "<group>"; };
		76BFE0741A7C0FA8005AD98C /* HCIntroductionViewController.h */ = {isa = PBXFileReference; fileEncoding = 4; lastKnownFileType = sourcecode.c.h; path = HCIntroductionViewController.h; sourceTree = "<group>"; };
		76BFE0751A7C0FA8005AD98C /* HCIntroductionViewController.m */ = {isa = PBXFileReference; fileEncoding = 4; lastKnownFileType = sourcecode.c.objc; path = HCIntroductionViewController.m; sourceTree = "<group>"; };
		76BFE0771A7C1015005AD98C /* HCIntroductionQuestionViewController.h */ = {isa = PBXFileReference; fileEncoding = 4; lastKnownFileType = sourcecode.c.h; path = HCIntroductionQuestionViewController.h; sourceTree = "<group>"; };
		76BFE0781A7C1015005AD98C /* HCIntroductionQuestionViewController.m */ = {isa = PBXFileReference; fileEncoding = 4; lastKnownFileType = sourcecode.c.objc; path = HCIntroductionQuestionViewController.m; sourceTree = "<group>"; };
		76CA904A1AE154D600C6E400 /* Model 3.xcdatamodel */ = {isa = PBXFileReference; lastKnownFileType = wrapper.xcdatamodel; path = "Model 3.xcdatamodel"; sourceTree = "<group>"; };
		76CA904D1AE15C9B00C6E400 /* LXSetup.h */ = {isa = PBXFileReference; fileEncoding = 4; lastKnownFileType = sourcecode.c.h; path = LXSetup.h; sourceTree = "<group>"; };
		76CA904E1AE15C9B00C6E400 /* LXSetup.m */ = {isa = PBXFileReference; fileEncoding = 4; lastKnownFileType = sourcecode.c.objc; path = LXSetup.m; sourceTree = "<group>"; };
		76CA90561AE19D1300C6E400 /* HCSetupViewController.h */ = {isa = PBXFileReference; fileEncoding = 4; lastKnownFileType = sourcecode.c.h; path = HCSetupViewController.h; sourceTree = "<group>"; };
		76CA90571AE19D1300C6E400 /* HCSetupViewController.m */ = {isa = PBXFileReference; fileEncoding = 4; lastKnownFileType = sourcecode.c.objc; path = HCSetupViewController.m; sourceTree = "<group>"; };
		76D965A11AD456AE008C1D3B /* HCCollaborateViewController.h */ = {isa = PBXFileReference; fileEncoding = 4; lastKnownFileType = sourcecode.c.h; path = HCCollaborateViewController.h; sourceTree = "<group>"; };
		76D965A21AD456AE008C1D3B /* HCCollaborateViewController.m */ = {isa = PBXFileReference; fileEncoding = 4; lastKnownFileType = sourcecode.c.objc; path = HCCollaborateViewController.m; sourceTree = "<group>"; };
		76D965A41AD45CEB008C1D3B /* HCCollaborateTableViewCell.h */ = {isa = PBXFileReference; fileEncoding = 4; lastKnownFileType = sourcecode.c.h; path = HCCollaborateTableViewCell.h; sourceTree = "<group>"; };
		76D965A51AD45CEB008C1D3B /* HCCollaborateTableViewCell.m */ = {isa = PBXFileReference; fileEncoding = 4; lastKnownFileType = sourcecode.c.objc; path = HCCollaborateTableViewCell.m; sourceTree = "<group>"; };
		76E6A1FB1A8BCFFA00B3669B /* LXRemindersViewController.h */ = {isa = PBXFileReference; fileEncoding = 4; lastKnownFileType = sourcecode.c.h; path = LXRemindersViewController.h; sourceTree = "<group>"; };
		76E6A1FC1A8BCFFA00B3669B /* LXRemindersViewController.m */ = {isa = PBXFileReference; fileEncoding = 4; lastKnownFileType = sourcecode.c.objc; path = LXRemindersViewController.m; sourceTree = "<group>"; };
		76F5964C1ACCB17300F32E47 /* HCChangeBucketTypeViewController.h */ = {isa = PBXFileReference; fileEncoding = 4; lastKnownFileType = sourcecode.c.h; path = HCChangeBucketTypeViewController.h; sourceTree = "<group>"; };
		76F5964D1ACCB17300F32E47 /* HCChangeBucketTypeViewController.m */ = {isa = PBXFileReference; fileEncoding = 4; lastKnownFileType = sourcecode.c.objc; path = HCChangeBucketTypeViewController.m; sourceTree = "<group>"; };
		76FBBD841A800F4300CAF765 /* HCIntroductionFailureViewController.h */ = {isa = PBXFileReference; fileEncoding = 4; lastKnownFileType = sourcecode.c.h; path = HCIntroductionFailureViewController.h; sourceTree = "<group>"; };
		76FBBD851A800F4300CAF765 /* HCIntroductionFailureViewController.m */ = {isa = PBXFileReference; fileEncoding = 4; lastKnownFileType = sourcecode.c.objc; path = HCIntroductionFailureViewController.m; sourceTree = "<group>"; };
		76FBBD871A80122A00CAF765 /* Messages.storyboard */ = {isa = PBXFileReference; fileEncoding = 4; lastKnownFileType = file.storyboard; path = Messages.storyboard; sourceTree = "<group>"; };
		76FBBD891A813D7D00CAF765 /* HCBucketViewController.h */ = {isa = PBXFileReference; fileEncoding = 4; lastKnownFileType = sourcecode.c.h; path = HCBucketViewController.h; sourceTree = "<group>"; };
		76FBBD8A1A813D7D00CAF765 /* HCBucketViewController.m */ = {isa = PBXFileReference; fileEncoding = 4; lastKnownFileType = sourcecode.c.objc; path = HCBucketViewController.m; sourceTree = "<group>"; };
		9A8630C0B2C871A275E84E6E /* Pods.debug.xcconfig */ = {isa = PBXFileReference; includeInIndex = 1; lastKnownFileType = text.xcconfig; name = Pods.debug.xcconfig; path = "Pods/Target Support Files/Pods/Pods.debug.xcconfig"; sourceTree = "<group>"; };
		DE8247FA37024A189440AC3C /* libPods.a */ = {isa = PBXFileReference; explicitFileType = archive.ar; includeInIndex = 0; path = libPods.a; sourceTree = BUILT_PRODUCTS_DIR; };
/* End PBXFileReference section */

/* Begin PBXFrameworksBuildPhase section */
		281CA8C51951EC7E00E6BE96 /* Frameworks */ = {
			isa = PBXFrameworksBuildPhase;
			buildActionMask = 2147483647;
			files = (
				766E1A2B1AF2AB140028BCD5 /* MediaPlayer.framework in Frameworks */,
				286F43531A9F7C290086AAC9 /* CoreLocation.framework in Frameworks */,
				281CA90E1951F34A00E6BE96 /* CoreData.framework in Frameworks */,
				281CA8CE1951EC7E00E6BE96 /* CoreGraphics.framework in Frameworks */,
				281CA8D01951EC7E00E6BE96 /* UIKit.framework in Frameworks */,
				281CA8CC1951EC7E00E6BE96 /* Foundation.framework in Frameworks */,
				273C203826C44A489B4BC08C /* libPods.a in Frameworks */,
			);
			runOnlyForDeploymentPostprocessing = 0;
		};
		281CA8E91951EC7E00E6BE96 /* Frameworks */ = {
			isa = PBXFrameworksBuildPhase;
			buildActionMask = 2147483647;
			files = (
				281CA8EE1951EC7E00E6BE96 /* XCTest.framework in Frameworks */,
				281CA8F01951EC7E00E6BE96 /* UIKit.framework in Frameworks */,
				281CA8EF1951EC7E00E6BE96 /* Foundation.framework in Frameworks */,
			);
			runOnlyForDeploymentPostprocessing = 0;
		};
/* End PBXFrameworksBuildPhase section */

/* Begin PBXGroup section */
		281CA8BF1951EC7E00E6BE96 = {
			isa = PBXGroup;
			children = (
				281CA8D11951EC7E00E6BE96 /* Hippocampus */,
				281CA8F31951EC7E00E6BE96 /* HippocampusTests */,
				281CA8CA1951EC7E00E6BE96 /* Frameworks */,
				281CA8C91951EC7E00E6BE96 /* Products */,
				AF8CDA90D5D1600B0FA06D8F /* Pods */,
			);
			sourceTree = "<group>";
		};
		281CA8C91951EC7E00E6BE96 /* Products */ = {
			isa = PBXGroup;
			children = (
				281CA8C81951EC7E00E6BE96 /* Hippocampus.app */,
				281CA8EC1951EC7E00E6BE96 /* HippocampusTests.xctest */,
			);
			name = Products;
			sourceTree = "<group>";
		};
		281CA8CA1951EC7E00E6BE96 /* Frameworks */ = {
			isa = PBXGroup;
			children = (
				766E1A2A1AF2AB140028BCD5 /* MediaPlayer.framework */,
				286F43521A9F7C290086AAC9 /* CoreLocation.framework */,
				281CA90D1951F34A00E6BE96 /* CoreData.framework */,
				281CA8CB1951EC7E00E6BE96 /* Foundation.framework */,
				281CA8CD1951EC7E00E6BE96 /* CoreGraphics.framework */,
				281CA8CF1951EC7E00E6BE96 /* UIKit.framework */,
				281CA8ED1951EC7E00E6BE96 /* XCTest.framework */,
				DE8247FA37024A189440AC3C /* libPods.a */,
			);
			name = Frameworks;
			sourceTree = "<group>";
		};
		281CA8D11951EC7E00E6BE96 /* Hippocampus */ = {
			isa = PBXGroup;
			children = (
				288F122B1B7520DB0001E0B0 /* Seahorse.storyboard */,
				76FBBD871A80122A00CAF765 /* Messages.storyboard */,
				2826C6061AD70828008DC533 /* Tutorial.storyboard */,
				281CA924196C2B9100E6BE96 /* Login.storyboard */,
				76BFE0711A7C0662005AD98C /* Introduction.storyboard */,
				281CA8DA1951EC7E00E6BE96 /* LXAppDelegate.h */,
				281CA8DB1951EC7E00E6BE96 /* LXAppDelegate.m */,
				281CA8E61951EC7E00E6BE96 /* Images.xcassets */,
				281CA94D196DB60C00E6BE96 /* Helpers */,
				281CA9061951ECA000E6BE96 /* Session */,
				281CA9051951EC9C00E6BE96 /* Models */,
				281CA9041951EC9700E6BE96 /* Assets */,
				281CA9031951EC8E00E6BE96 /* View Controllers */,
				76BE80181AB75546006262CB /* Table Cells */,
				281CA8D21951EC7E00E6BE96 /* Supporting Files */,
			);
			path = Hippocampus;
			sourceTree = "<group>";
		};
		281CA8D21951EC7E00E6BE96 /* Supporting Files */ = {
			isa = PBXGroup;
			children = (
				281CA8D31951EC7E00E6BE96 /* Hippocampus-Info.plist */,
				281CA8D41951EC7E00E6BE96 /* InfoPlist.strings */,
				281CA8D71951EC7E00E6BE96 /* main.m */,
				281CA8D91951EC7E00E6BE96 /* Hippocampus-Prefix.pch */,
			);
			name = "Supporting Files";
			sourceTree = "<group>";
		};
		281CA8F31951EC7E00E6BE96 /* HippocampusTests */ = {
			isa = PBXGroup;
			children = (
				281CA8F91951EC7E00E6BE96 /* HippocampusTests.m */,
				281CA8F41951EC7E00E6BE96 /* Supporting Files */,
			);
			path = HippocampusTests;
			sourceTree = "<group>";
		};
		281CA8F41951EC7E00E6BE96 /* Supporting Files */ = {
			isa = PBXGroup;
			children = (
				281CA8F51951EC7E00E6BE96 /* HippocampusTests-Info.plist */,
				281CA8F61951EC7E00E6BE96 /* InfoPlist.strings */,
			);
			name = "Supporting Files";
			sourceTree = "<group>";
		};
		281CA9031951EC8E00E6BE96 /* View Controllers */ = {
			isa = PBXGroup;
			children = (
				288A74701B7859D400F6A618 /* Table View Cells */,
				288F122D1B7521F90001E0B0 /* Old */,
				76BFE0731A7C0F5B005AD98C /* Introduction */,
				281CA926196C2C0B00E6BE96 /* Login */,
				76CA904B1AE1572800C6E400 /* Setup */,
				2826C6081AD84714008DC533 /* Tutorial */,
				76E6A1FA1A8BCFE100B3669B /* Menu */,
				288F122E1B75221D0001E0B0 /* Main */,
			);
			name = "View Controllers";
			sourceTree = "<group>";
		};
		281CA9041951EC9700E6BE96 /* Assets */ = {
			isa = PBXGroup;
			children = (
				288F123D1B752EC90001E0B0 /* Seahorse */,
				288F12381B752A400001E0B0 /* Fonts */,
				28CD3FB41AE9BD6200B3ABB6 /* Screens */,
				2826C60E1ADDA5BF008DC533 /* Images */,
				2826C6091AD848C8008DC533 /* Tutorial */,
				281CA91B196C29D500E6BE96 /* Icons */,
			);
			name = Assets;
			sourceTree = "<group>";
		};
		281CA9051951EC9C00E6BE96 /* Models */ = {
			isa = PBXGroup;
			children = (
				281CA90F1951F36700E6BE96 /* Model.xcdatamodeld */,
				288F121F1B73DE100001E0B0 /* LXObjects.h */,
				288F12201B73DE100001E0B0 /* LXObjects.m */,
				288A746A1B77E6F600F6A618 /* LXObjectManager.h */,
				288A746B1B77E6F600F6A618 /* LXObjectManager.m */,
				288F12221B73DFC90001E0B0 /* LXUser.h */,
				288F12231B73DFC90001E0B0 /* LXUser.m */,
				288F12251B751AF30001E0B0 /* LXBucket.h */,
				288F12261B751AF30001E0B0 /* LXBucket.m */,
				288F12281B751B040001E0B0 /* LXItem.h */,
				288F12291B751B040001E0B0 /* LXItem.m */,
			);
			name = Models;
			sourceTree = "<group>";
		};
		281CA9061951ECA000E6BE96 /* Session */ = {
			isa = PBXGroup;
			children = (
				281CA9071951ECBA00E6BE96 /* LXServer.h */,
				281CA9081951ECBA00E6BE96 /* LXServer.m */,
				281CA9091951ECBA00E6BE96 /* LXSession.h */,
				281CA90A1951ECBA00E6BE96 /* LXSession.m */,
				76B0296F1AC1AF99003539B4 /* LXAddressBook.h */,
				76B029701AC1AF99003539B4 /* LXAddressBook.m */,
				76CA904D1AE15C9B00C6E400 /* LXSetup.h */,
				76CA904E1AE15C9B00C6E400 /* LXSetup.m */,
			);
			name = Session;
			sourceTree = "<group>";
		};
		281CA91B196C29D500E6BE96 /* Icons */ = {
			isa = PBXGroup;
			children = (
				2826C60C1ADC9474008DC533 /* Group-100.png */,
				28F5B8AE1ACC58BE00C7F5BC /* AlarmClock-100.png */,
				2837E7FF1ABD09400089FA33 /* More-100.png */,
				2837E7FD1ABD082C0089FA33 /* Photo-100-blue.png */,
				2837E7FB1ABD06460089FA33 /* Photo-100.png */,
				28431DDE1A8D69BA00B12548 /* 78-stopwatch.png */,
				28431DDF1A8D69BA00B12548 /* 78-stopwatch@2x.png */,
				28431DDA1A8D692E00B12548 /* 11-clock.png */,
				28431DDB1A8D692E00B12548 /* 11-clock@2x.png */,
				281CA920196C29F800E6BE96 /* 179-notepad.png */,
				281CA921196C29F800E6BE96 /* 179-notepad@2x.png */,
				281CA91C196C29E500E6BE96 /* 256-box2.png */,
				281CA91D196C29E500E6BE96 /* 256-box2@2x.png */,
				2837008A1A6F34F000C16E87 /* 06-magnify.png */,
				2837008B1A6F34F000C16E87 /* 06-magnify@2x.png */,
				2837008E1A6F366E00C16E87 /* 122-stats.png */,
				2837008F1A6F366E00C16E87 /* 122-stats@2x.png */,
			);
			name = Icons;
			sourceTree = "<group>";
		};
		281CA926196C2C0B00E6BE96 /* Login */ = {
			isa = PBXGroup;
			children = (
				2826C6111ADDA684008DC533 /* FBVerifyPhoneNumberViewController.h */,
				2826C6121ADDA684008DC533 /* FBVerifyPhoneNumberViewController.m */,
				281CA927196C2C2900E6BE96 /* HCLoginViewController.h */,
				281CA928196C2C2900E6BE96 /* HCLoginViewController.m */,
				283700871A6F199600C16E87 /* LXTokenViewController.h */,
				283700881A6F199600C16E87 /* LXTokenViewController.m */,
				2837E8041AC11D2A0089FA33 /* HCInitialViewController.h */,
				2837E8051AC11D2A0089FA33 /* HCInitialViewController.m */,
				2837E8071AC11D400089FA33 /* HCOnboardingPageViewController.h */,
				2837E8081AC11D400089FA33 /* HCOnboardingPageViewController.m */,
				2837E80A1AC11D550089FA33 /* HCMessageViewController.h */,
				2837E80B1AC11D550089FA33 /* HCMessageViewController.m */,
			);
			name = Login;
			sourceTree = "<group>";
		};
		281CA93C196C8CF700E6BE96 /* Item */ = {
			isa = PBXGroup;
			children = (
				281CA93D196C8D0500E6BE96 /* HCItemTableViewController.h */,
				281CA93E196C8D0500E6BE96 /* HCItemTableViewController.m */,
				2827B8481970B6D900F595D9 /* HCReminderViewController.h */,
				2827B8491970B6D900F595D9 /* HCReminderViewController.m */,
				288433BD1A8BD3AA0059FCE1 /* HCItemPageViewController.h */,
				288433BE1A8BD3AA0059FCE1 /* HCItemPageViewController.m */,
				288433C01A8BD45E0059FCE1 /* HCContainerViewController.h */,
				288433C11A8BD45E0059FCE1 /* HCContainerViewController.m */,
			);
			name = Item;
			sourceTree = "<group>";
		};
		281CA940196C8DC000E6BE96 /* Bucket */ = {
			isa = PBXGroup;
			children = (
				281CA935196C458400E6BE96 /* HCBucketsTableViewController.h */,
				281CA936196C458400E6BE96 /* HCBucketsTableViewController.m */,
				76FBBD891A813D7D00CAF765 /* HCBucketViewController.h */,
				76FBBD8A1A813D7D00CAF765 /* HCBucketViewController.m */,
				768D348F1A94FDAA00D340C0 /* HCBucketDetailsViewController.h */,
				768D34901A94FDAA00D340C0 /* HCBucketDetailsViewController.m */,
				281CA94A196D9EE100E6BE96 /* HCNewBucketIITableViewController.h */,
				281CA94B196D9EE100E6BE96 /* HCNewBucketIITableViewController.m */,
				76F5964C1ACCB17300F32E47 /* HCChangeBucketTypeViewController.h */,
				76F5964D1ACCB17300F32E47 /* HCChangeBucketTypeViewController.m */,
				76D965A11AD456AE008C1D3B /* HCCollaborateViewController.h */,
				76D965A21AD456AE008C1D3B /* HCCollaborateViewController.m */,
				76AA7BD41AD717FD00291183 /* HCNameViewController.h */,
				76AA7BD51AD717FD00291183 /* HCNameViewController.m */,
			);
			name = Bucket;
			sourceTree = "<group>";
		};
		281CA94D196DB60C00E6BE96 /* Helpers */ = {
			isa = PBXGroup;
			children = (
				2826C6141ADDA6AF008DC533 /* NSString+SHAEncryption.h */,
				2826C6151ADDA6AF008DC533 /* NSString+SHAEncryption.m */,
				2837E8011AC0A8DC0089FA33 /* UIPickerView+CustomPicker.h */,
				2837E8021AC0A8DC0089FA33 /* UIPickerView+CustomPicker.m */,
				281CA94E196DB62A00E6BE96 /* LXDate+RailsTimeConverter.h */,
				281CA94F196DB62A00E6BE96 /* LXDate+RailsTimeConverter.m */,
				28BD3EAD196F519B00BBF5B0 /* NSArray+Alphabet.h */,
				28BD3EAE196F519B00BBF5B0 /* NSArray+Alphabet.m */,
				28A0857A1A700CB200BA1368 /* LXString+NSString.h */,
				28A0857B1A700CB200BA1368 /* LXString+NSString.m */,
				28431DE21A93914200B12548 /* NSDictionary+Attributes.h */,
				28431DE31A93914200B12548 /* NSDictionary+Attributes.m */,
				28793EFF1B28743900E2998F /* NSArray+Attributes.h */,
				28793F001B28743900E2998F /* NSArray+Attributes.m */,
				286F434F1A9F71DB0086AAC9 /* UIFont+HCFonts.h */,
				286F43501A9F71DB0086AAC9 /* UIFont+HCFonts.m */,
				76B029751AC20247003539B4 /* UILabel+Bold.h */,
				76B029761AC20247003539B4 /* UILabel+Bold.m */,
				28F5B8A91ACC46BE00C7F5BC /* NSNumber+Helpers.h */,
				28F5B8AA1ACC46BE00C7F5BC /* NSNumber+Helpers.m */,
				28F5B8B01ACC9AD600C7F5BC /* UIImage+Helpers.h */,
				28F5B8B11ACC9AD600C7F5BC /* UIImage+Helpers.m */,
				288F12351B7527AF0001E0B0 /* UIColor+HCColors.h */,
				288F12361B7527AF0001E0B0 /* UIColor+HCColors.m */,
			);
			name = Helpers;
			sourceTree = "<group>";
		};
		2826C6081AD84714008DC533 /* Tutorial */ = {
			isa = PBXGroup;
			children = (
				76450E4F1AE95308004D7FAD /* HCPopUpViewController.h */,
				76450E501AE95308004D7FAD /* HCPopUpViewController.m */,
			);
			name = Tutorial;
			sourceTree = "<group>";
		};
		2826C6091AD848C8008DC533 /* Tutorial */ = {
			isa = PBXGroup;
			children = (
				2826C60A1AD848DB008DC533 /* tutorial.png */,
			);
			name = Tutorial;
			sourceTree = "<group>";
		};
		2826C60E1ADDA5BF008DC533 /* Images */ = {
			isa = PBXGroup;
			children = (
				2826C60F1ADDA5D1008DC533 /* txt_scrnsht.png */,
			);
			name = Images;
			sourceTree = "<group>";
		};
		288A745C1B75313500F6A618 /* Person */ = {
			isa = PBXGroup;
			children = (
				288A74561B75305100F6A618 /* person.png */,
				288A74571B75305100F6A618 /* person@2x.png */,
				288A74581B75305100F6A618 /* person@3x.png */,
			);
			name = Person;
			sourceTree = "<group>";
		};
		288A745D1B7531C900F6A618 /* Search */ = {
			isa = PBXGroup;
			children = (
				288A745E1B7531DD00F6A618 /* search.png */,
				288A745F1B7531DD00F6A618 /* search@2x.png */,
				288A74601B7531DD00F6A618 /* search@3x.png */,
			);
			name = Search;
			sourceTree = "<group>";
		};
		288A74701B7859D400F6A618 /* Table View Cells */ = {
			isa = PBXGroup;
			children = (
				288A74711B7859F600F6A618 /* SHItemTableViewCell.h */,
				288A74721B7859F600F6A618 /* SHItemTableViewCell.m */,
				288A74731B7859F600F6A618 /* SHItemTableViewCell.xib */,
				28ACA3991B8B73E800D7B215 /* SHLoadingTableViewCell.h */,
				28ACA39A1B8B73E800D7B215 /* SHLoadingTableViewCell.m */,
				28ACA39B1B8B73E800D7B215 /* SHLoadingTableViewCell.xib */,
				28ACA39E1B8B7CF900D7B215 /* SHBucketTableViewCell.h */,
				28ACA39F1B8B7CF900D7B215 /* SHBucketTableViewCell.m */,
				28ACA3A01B8B7CF900D7B215 /* SHBucketTableViewCell.xib */,
			);
			name = "Table View Cells";
			sourceTree = "<group>";
		};
		288A74761B79814500F6A618 /* Nudge */ = {
			isa = PBXGroup;
			children = (
				288A74791B7985DA00F6A618 /* nudge_icon_white_swipe.png */,
				288A74771B79815900F6A618 /* nudge_icon.png */,
			);
			name = Nudge;
			sourceTree = "<group>";
		};
		288A747D1B7985DE00F6A618 /* Trash */ = {
			isa = PBXGroup;
			children = (
				288A747A1B7985DA00F6A618 /* trash_icon_white_swipe.png */,
			);
			name = Trash;
			sourceTree = "<group>";
		};
		288A74801B8A2FD600F6A618 /* Plus */ = {
			isa = PBXGroup;
			children = (
				288A74811B8A2FEB00F6A618 /* plus_icon_white_swipe.png */,
			);
			name = Plus;
			sourceTree = "<group>";
		};
		288F122D1B7521F90001E0B0 /* Old */ = {
			isa = PBXGroup;
			children = (
				281CA940196C8DC000E6BE96 /* Bucket */,
				281CA93C196C8CF700E6BE96 /* Item */,
			);
			name = Old;
			sourceTree = "<group>";
		};
		288F122E1B75221D0001E0B0 /* Main */ = {
			isa = PBXGroup;
			children = (
				288F12321B7526AD0001E0B0 /* SHMainViewController.h */,
				288F12331B7526AD0001E0B0 /* SHMainViewController.m */,
				288A74641B75345900F6A618 /* SHThoughtsViewController.h */,
				288A74651B75345900F6A618 /* SHThoughtsViewController.m */,
				288A74671B75346800F6A618 /* SHBucketsViewController.h */,
				288A74681B75346800F6A618 /* SHBucketsViewController.m */,
				288A746D1B782FB400F6A618 /* SHSlackThoughtsViewController.h */,
				288A746E1B782FB400F6A618 /* SHSlackThoughtsViewController.m */,
			);
			name = Main;
			sourceTree = "<group>";
		};
		288F12381B752A400001E0B0 /* Fonts */ = {
			isa = PBXGroup;
			children = (
				288F12391B752A6A0001E0B0 /* Roboto-Regular.ttf */,
			);
			name = Fonts;
			sourceTree = "<group>";
		};
		288F123D1B752EC90001E0B0 /* Seahorse */ = {
			isa = PBXGroup;
			children = (
				288A74801B8A2FD600F6A618 /* Plus */,
				288A747D1B7985DE00F6A618 /* Trash */,
				288A74761B79814500F6A618 /* Nudge */,
				288A745D1B7531C900F6A618 /* Search */,
				288A745C1B75313500F6A618 /* Person */,
			);
			name = Seahorse;
			sourceTree = "<group>";
		};
		28CD3FB41AE9BD6200B3ABB6 /* Screens */ = {
			isa = PBXGroup;
			children = (
				287423D21B059F7200A3242C /* email-screen.jpg */,
				28CD3FC31AEADC1A00B3ABB6 /* permission-screen.jpg */,
				28CD3FC11AEA89F400B3ABB6 /* nudge-screen.jpg */,
				28CD3FBF1AEA887200B3ABB6 /* new-collection-screen.jpg */,
				28CD3FBD1AEA0F8700B3ABB6 /* item-screen.jpg */,
				28CD3FBB1AEA0D9900B3ABB6 /* all-screen.jpg */,
				28CD3FB91AE9C80800B3ABB6 /* assign-screen.jpg */,
				28CD3FB71AE9C2E200B3ABB6 /* compose-screen.jpg */,
			);
			name = Screens;
			sourceTree = "<group>";
		};
		76BE80181AB75546006262CB /* Table Cells */ = {
			isa = PBXGroup;
			children = (
				76B029721AC1EE21003539B4 /* HCContactTableViewCell.h */,
				76B029731AC1EE21003539B4 /* HCContactTableViewCell.m */,
				76BE80191AB7559F006262CB /* HCDetailsPhotoTableViewCell.h */,
				76BE801A1AB7559F006262CB /* HCDetailsPhotoTableViewCell.m */,
				761596B11AB7847D00EE6259 /* HCItemTableViewCell.h */,
				761596B21AB7847D00EE6259 /* HCItemTableViewCell.m */,
				761596B41AB7935B00EE6259 /* HCIndicatorTableViewCell.h */,
				761596B51AB7935B00EE6259 /* HCIndicatorTableViewCell.m */,
				769DCA6E1AB860660036E4BB /* HCExplanationTableViewCell.h */,
				769DCA6F1AB860660036E4BB /* HCExplanationTableViewCell.m */,
				76D965A41AD45CEB008C1D3B /* HCCollaborateTableViewCell.h */,
				76D965A51AD45CEB008C1D3B /* HCCollaborateTableViewCell.m */,
			);
			name = "Table Cells";
			sourceTree = "<group>";
		};
		76BFE0731A7C0F5B005AD98C /* Introduction */ = {
			isa = PBXGroup;
			children = (
				76BFE0741A7C0FA8005AD98C /* HCIntroductionViewController.h */,
				76BFE0751A7C0FA8005AD98C /* HCIntroductionViewController.m */,
				76BFE0771A7C1015005AD98C /* HCIntroductionQuestionViewController.h */,
				76BFE0781A7C1015005AD98C /* HCIntroductionQuestionViewController.m */,
				76FBBD841A800F4300CAF765 /* HCIntroductionFailureViewController.h */,
				76FBBD851A800F4300CAF765 /* HCIntroductionFailureViewController.m */,
			);
			name = Introduction;
			sourceTree = "<group>";
		};
		76CA904B1AE1572800C6E400 /* Setup */ = {
			isa = PBXGroup;
			children = (
				76CA90561AE19D1300C6E400 /* HCSetupViewController.h */,
				76CA90571AE19D1300C6E400 /* HCSetupViewController.m */,
				76450E521AEA8509004D7FAD /* HCPermissionViewController.h */,
				76450E531AEA8509004D7FAD /* HCPermissionViewController.m */,
			);
			name = Setup;
			sourceTree = "<group>";
		};
		76E6A1FA1A8BCFE100B3669B /* Menu */ = {
			isa = PBXGroup;
			children = (
				76E6A1FB1A8BCFFA00B3669B /* LXRemindersViewController.h */,
				76E6A1FC1A8BCFFA00B3669B /* LXRemindersViewController.m */,
				765B3D711AAF944700E599F3 /* HCRandomItemViewController.h */,
				765B3D721AAF944700E599F3 /* HCRandomItemViewController.m */,
				76B57C2A1AB0D65A00A67DE0 /* HCLocationNotesViewController.h */,
				76B57C2B1AB0D65A00A67DE0 /* HCLocationNotesViewController.m */,
			);
			name = Menu;
			sourceTree = "<group>";
		};
		AF8CDA90D5D1600B0FA06D8F /* Pods */ = {
			isa = PBXGroup;
			children = (
				9A8630C0B2C871A275E84E6E /* Pods.debug.xcconfig */,
				48B234900A21648A78B84A3E /* Pods.release.xcconfig */,
			);
			name = Pods;
			sourceTree = "<group>";
		};
/* End PBXGroup section */

/* Begin PBXNativeTarget section */
		281CA8C71951EC7E00E6BE96 /* Hippocampus */ = {
			isa = PBXNativeTarget;
			buildConfigurationList = 281CA8FD1951EC7E00E6BE96 /* Build configuration list for PBXNativeTarget "Hippocampus" */;
			buildPhases = (
				F9B47DB1943142BBA8425D85 /* Check Pods Manifest.lock */,
				281CA8C41951EC7E00E6BE96 /* Sources */,
				281CA8C51951EC7E00E6BE96 /* Frameworks */,
				281CA8C61951EC7E00E6BE96 /* Resources */,
				D8CB7745B36648E88B33C586 /* Copy Pods Resources */,
			);
			buildRules = (
			);
			dependencies = (
			);
			name = Hippocampus;
			productName = Hippocampus;
			productReference = 281CA8C81951EC7E00E6BE96 /* Hippocampus.app */;
			productType = "com.apple.product-type.application";
		};
		281CA8EB1951EC7E00E6BE96 /* HippocampusTests */ = {
			isa = PBXNativeTarget;
			buildConfigurationList = 281CA9001951EC7E00E6BE96 /* Build configuration list for PBXNativeTarget "HippocampusTests" */;
			buildPhases = (
				281CA8E81951EC7E00E6BE96 /* Sources */,
				281CA8E91951EC7E00E6BE96 /* Frameworks */,
				281CA8EA1951EC7E00E6BE96 /* Resources */,
			);
			buildRules = (
			);
			dependencies = (
				281CA8F21951EC7E00E6BE96 /* PBXTargetDependency */,
			);
			name = HippocampusTests;
			productName = HippocampusTests;
			productReference = 281CA8EC1951EC7E00E6BE96 /* HippocampusTests.xctest */;
			productType = "com.apple.product-type.bundle.unit-test";
		};
/* End PBXNativeTarget section */

/* Begin PBXProject section */
		281CA8C01951EC7E00E6BE96 /* Project object */ = {
			isa = PBXProject;
			attributes = {
				CLASSPREFIX = LX;
				LastUpgradeCheck = 0510;
				ORGANIZATIONNAME = LXV;
				TargetAttributes = {
					281CA8C71951EC7E00E6BE96 = {
						DevelopmentTeam = B28RCHZM6D;
						SystemCapabilities = {
							com.apple.BackgroundModes = {
								enabled = 1;
							};
						};
					};
					281CA8EB1951EC7E00E6BE96 = {
						TestTargetID = 281CA8C71951EC7E00E6BE96;
					};
				};
			};
			buildConfigurationList = 281CA8C31951EC7E00E6BE96 /* Build configuration list for PBXProject "Hippocampus" */;
			compatibilityVersion = "Xcode 3.2";
			developmentRegion = English;
			hasScannedForEncodings = 0;
			knownRegions = (
				en,
				Base,
			);
			mainGroup = 281CA8BF1951EC7E00E6BE96;
			productRefGroup = 281CA8C91951EC7E00E6BE96 /* Products */;
			projectDirPath = "";
			projectRoot = "";
			targets = (
				281CA8C71951EC7E00E6BE96 /* Hippocampus */,
				281CA8EB1951EC7E00E6BE96 /* HippocampusTests */,
			);
		};
/* End PBXProject section */

/* Begin PBXResourcesBuildPhase section */
		281CA8C61951EC7E00E6BE96 /* Resources */ = {
			isa = PBXResourcesBuildPhase;
			buildActionMask = 2147483647;
			files = (
				28CD3FBE1AEA0F8700B3ABB6 /* item-screen.jpg in Resources */,
				281CA925196C2B9100E6BE96 /* Login.storyboard in Resources */,
				281CA923196C29F800E6BE96 /* 179-notepad@2x.png in Resources */,
				28431DDD1A8D692E00B12548 /* 11-clock@2x.png in Resources */,
				2826C60D1ADC9474008DC533 /* Group-100.png in Resources */,
				2826C60B1AD848DB008DC533 /* tutorial.png in Resources */,
				283700911A6F366E00C16E87 /* 122-stats@2x.png in Resources */,
				281CA91E196C29E500E6BE96 /* 256-box2.png in Resources */,
				288A74621B7531DD00F6A618 /* search@2x.png in Resources */,
				287423D31B059F7200A3242C /* email-screen.jpg in Resources */,
				76FBBD881A80122A00CAF765 /* Messages.storyboard in Resources */,
				288A74821B8A2FEB00F6A618 /* plus_icon_white_swipe.png in Resources */,
				28CD3FB81AE9C2E200B3ABB6 /* compose-screen.jpg in Resources */,
				288A745A1B75305100F6A618 /* person@2x.png in Resources */,
				288A745B1B75305100F6A618 /* person@3x.png in Resources */,
				281CA8E71951EC7E00E6BE96 /* Images.xcassets in Resources */,
				28CD3FC21AEA89F400B3ABB6 /* nudge-screen.jpg in Resources */,
				281CA8D61951EC7E00E6BE96 /* InfoPlist.strings in Resources */,
				2837E8001ABD09400089FA33 /* More-100.png in Resources */,
				288A74781B79815900F6A618 /* nudge_icon.png in Resources */,
				288A747B1B7985DA00F6A618 /* nudge_icon_white_swipe.png in Resources */,
				28431DE11A8D69BA00B12548 /* 78-stopwatch@2x.png in Resources */,
				283700901A6F366E00C16E87 /* 122-stats.png in Resources */,
				28431DDC1A8D692E00B12548 /* 11-clock.png in Resources */,
				28CD3FBC1AEA0D9900B3ABB6 /* all-screen.jpg in Resources */,
				2837008D1A6F34F000C16E87 /* 06-magnify@2x.png in Resources */,
				288A74631B7531DD00F6A618 /* search@3x.png in Resources */,
				288F122C1B7520DB0001E0B0 /* Seahorse.storyboard in Resources */,
				2837008C1A6F34F000C16E87 /* 06-magnify.png in Resources */,
				288F123A1B752C240001E0B0 /* Roboto-Regular.ttf in Resources */,
				28431DE01A8D69BA00B12548 /* 78-stopwatch.png in Resources */,
				288A74591B75305100F6A618 /* person.png in Resources */,
				28ACA39D1B8B73E800D7B215 /* SHLoadingTableViewCell.xib in Resources */,
				2837E7FC1ABD06460089FA33 /* Photo-100.png in Resources */,
				28F5B8AF1ACC58BE00C7F5BC /* AlarmClock-100.png in Resources */,
				28CD3FC01AEA887200B3ABB6 /* new-collection-screen.jpg in Resources */,
				281CA91F196C29E500E6BE96 /* 256-box2@2x.png in Resources */,
				76BFE0721A7C0662005AD98C /* Introduction.storyboard in Resources */,
				28ACA3A21B8B7CF900D7B215 /* SHBucketTableViewCell.xib in Resources */,
				28CD3FC41AEADC1A00B3ABB6 /* permission-screen.jpg in Resources */,
				28CD3FBA1AE9C80800B3ABB6 /* assign-screen.jpg in Resources */,
				288A74611B7531DD00F6A618 /* search.png in Resources */,
				2826C6101ADDA5D1008DC533 /* txt_scrnsht.png in Resources */,
				281CA922196C29F800E6BE96 /* 179-notepad.png in Resources */,
				288A74751B7859F600F6A618 /* SHItemTableViewCell.xib in Resources */,
				2826C6071AD70828008DC533 /* Tutorial.storyboard in Resources */,
				2837E7FE1ABD082C0089FA33 /* Photo-100-blue.png in Resources */,
				288A747C1B7985DA00F6A618 /* trash_icon_white_swipe.png in Resources */,
			);
			runOnlyForDeploymentPostprocessing = 0;
		};
		281CA8EA1951EC7E00E6BE96 /* Resources */ = {
			isa = PBXResourcesBuildPhase;
			buildActionMask = 2147483647;
			files = (
				281CA8F81951EC7E00E6BE96 /* InfoPlist.strings in Resources */,
			);
			runOnlyForDeploymentPostprocessing = 0;
		};
/* End PBXResourcesBuildPhase section */

/* Begin PBXShellScriptBuildPhase section */
		D8CB7745B36648E88B33C586 /* Copy Pods Resources */ = {
			isa = PBXShellScriptBuildPhase;
			buildActionMask = 2147483647;
			files = (
			);
			inputPaths = (
			);
			name = "Copy Pods Resources";
			outputPaths = (
			);
			runOnlyForDeploymentPostprocessing = 0;
			shellPath = /bin/sh;
			shellScript = "\"${SRCROOT}/Pods/Target Support Files/Pods/Pods-resources.sh\"\n";
			showEnvVarsInLog = 0;
		};
		F9B47DB1943142BBA8425D85 /* Check Pods Manifest.lock */ = {
			isa = PBXShellScriptBuildPhase;
			buildActionMask = 2147483647;
			files = (
			);
			inputPaths = (
			);
			name = "Check Pods Manifest.lock";
			outputPaths = (
			);
			runOnlyForDeploymentPostprocessing = 0;
			shellPath = /bin/sh;
			shellScript = "diff \"${PODS_ROOT}/../Podfile.lock\" \"${PODS_ROOT}/Manifest.lock\" > /dev/null\nif [[ $? != 0 ]] ; then\n    cat << EOM\nerror: The sandbox is not in sync with the Podfile.lock. Run 'pod install' or update your CocoaPods installation.\nEOM\n    exit 1\nfi\n";
			showEnvVarsInLog = 0;
		};
/* End PBXShellScriptBuildPhase section */

/* Begin PBXSourcesBuildPhase section */
		281CA8C41951EC7E00E6BE96 /* Sources */ = {
			isa = PBXSourcesBuildPhase;
			buildActionMask = 2147483647;
			files = (
				76B029741AC1EE21003539B4 /* HCContactTableViewCell.m in Sources */,
				288F12211B73DE100001E0B0 /* LXObjects.m in Sources */,
				761596B61AB7935C00EE6259 /* HCIndicatorTableViewCell.m in Sources */,
				76FBBD861A800F4300CAF765 /* HCIntroductionFailureViewController.m in Sources */,
				286F43511A9F71DB0086AAC9 /* UIFont+HCFonts.m in Sources */,
				281CA929196C2C2900E6BE96 /* HCLoginViewController.m in Sources */,
				288F12341B7526AD0001E0B0 /* SHMainViewController.m in Sources */,
				28ACA39C1B8B73E800D7B215 /* SHLoadingTableViewCell.m in Sources */,
				761596B31AB7847D00EE6259 /* HCItemTableViewCell.m in Sources */,
				281CA8DC1951EC7E00E6BE96 /* LXAppDelegate.m in Sources */,
				288433C21A8BD45E0059FCE1 /* HCContainerViewController.m in Sources */,
				76B029711AC1AF99003539B4 /* LXAddressBook.m in Sources */,
				288A74741B7859F600F6A618 /* SHItemTableViewCell.m in Sources */,
				288A74661B75345900F6A618 /* SHThoughtsViewController.m in Sources */,
				76F5964E1ACCB17300F32E47 /* HCChangeBucketTypeViewController.m in Sources */,
				76B57C2C1AB0D65A00A67DE0 /* HCLocationNotesViewController.m in Sources */,
				288F122A1B751B040001E0B0 /* LXItem.m in Sources */,
				76CA90581AE19D1300C6E400 /* HCSetupViewController.m in Sources */,
				768D34911A94FDAA00D340C0 /* HCBucketDetailsViewController.m in Sources */,
				288F12241B73DFC90001E0B0 /* LXUser.m in Sources */,
				288A746C1B77E6F600F6A618 /* LXObjectManager.m in Sources */,
				281CA90C1951ECBA00E6BE96 /* LXSession.m in Sources */,
				2826C6161ADDA6AF008DC533 /* NSString+SHAEncryption.m in Sources */,
				281CA9111951F36700E6BE96 /* Model.xcdatamodeld in Sources */,
				765B3D731AAF944700E599F3 /* HCRandomItemViewController.m in Sources */,
				283700891A6F199600C16E87 /* LXTokenViewController.m in Sources */,
				76E6A1FD1A8BCFFA00B3669B /* LXRemindersViewController.m in Sources */,
				28BD3EAF196F519B00BBF5B0 /* NSArray+Alphabet.m in Sources */,
				2837E8061AC11D2A0089FA33 /* HCInitialViewController.m in Sources */,
				2827B84A1970B6DA00F595D9 /* HCReminderViewController.m in Sources */,
				288F12371B7527AF0001E0B0 /* UIColor+HCColors.m in Sources */,
				2837E8031AC0A8DC0089FA33 /* UIPickerView+CustomPicker.m in Sources */,
				281CA950196DB62A00E6BE96 /* LXDate+RailsTimeConverter.m in Sources */,
				2837E80C1AC11D550089FA33 /* HCMessageViewController.m in Sources */,
				288433BF1A8BD3AA0059FCE1 /* HCItemPageViewController.m in Sources */,
				76D965A31AD456AE008C1D3B /* HCCollaborateViewController.m in Sources */,
				28F5B8B21ACC9AD600C7F5BC /* UIImage+Helpers.m in Sources */,
				76450E541AEA8509004D7FAD /* HCPermissionViewController.m in Sources */,
				2837E8091AC11D400089FA33 /* HCOnboardingPageViewController.m in Sources */,
				281CA937196C458400E6BE96 /* HCBucketsTableViewController.m in Sources */,
				76B029771AC20247003539B4 /* UILabel+Bold.m in Sources */,
				76BFE0791A7C1015005AD98C /* HCIntroductionQuestionViewController.m in Sources */,
				281CA8D81951EC7E00E6BE96 /* main.m in Sources */,
				28431DE41A93914200B12548 /* NSDictionary+Attributes.m in Sources */,
				76CA904F1AE15C9B00C6E400 /* LXSetup.m in Sources */,
				2826C6131ADDA684008DC533 /* FBVerifyPhoneNumberViewController.m in Sources */,
				288A74691B75346800F6A618 /* SHBucketsViewController.m in Sources */,
				76BE801B1AB7559F006262CB /* HCDetailsPhotoTableViewCell.m in Sources */,
				28ACA3A11B8B7CF900D7B215 /* SHBucketTableViewCell.m in Sources */,
				288F12271B751AF30001E0B0 /* LXBucket.m in Sources */,
				281CA90B1951ECBA00E6BE96 /* LXServer.m in Sources */,
				288A746F1B782FB400F6A618 /* SHSlackThoughtsViewController.m in Sources */,
				76AA7BD61AD717FD00291183 /* HCNameViewController.m in Sources */,
				281CA94C196D9EE100E6BE96 /* HCNewBucketIITableViewController.m in Sources */,
				76BFE0761A7C0FA8005AD98C /* HCIntroductionViewController.m in Sources */,
				28F5B8AB1ACC46BE00C7F5BC /* NSNumber+Helpers.m in Sources */,
				28A0857C1A700CB200BA1368 /* LXString+NSString.m in Sources */,
				28793F011B28743900E2998F /* NSArray+Attributes.m in Sources */,
				76450E511AE95308004D7FAD /* HCPopUpViewController.m in Sources */,
				769DCA701AB860660036E4BB /* HCExplanationTableViewCell.m in Sources */,
				76D965A61AD45CEB008C1D3B /* HCCollaborateTableViewCell.m in Sources */,
				281CA93F196C8D0500E6BE96 /* HCItemTableViewController.m in Sources */,
				76FBBD8B1A813D7D00CAF765 /* HCBucketViewController.m in Sources */,
			);
			runOnlyForDeploymentPostprocessing = 0;
		};
		281CA8E81951EC7E00E6BE96 /* Sources */ = {
			isa = PBXSourcesBuildPhase;
			buildActionMask = 2147483647;
			files = (
				281CA8FA1951EC7E00E6BE96 /* HippocampusTests.m in Sources */,
			);
			runOnlyForDeploymentPostprocessing = 0;
		};
/* End PBXSourcesBuildPhase section */

/* Begin PBXTargetDependency section */
		281CA8F21951EC7E00E6BE96 /* PBXTargetDependency */ = {
			isa = PBXTargetDependency;
			target = 281CA8C71951EC7E00E6BE96 /* Hippocampus */;
			targetProxy = 281CA8F11951EC7E00E6BE96 /* PBXContainerItemProxy */;
		};
/* End PBXTargetDependency section */

/* Begin PBXVariantGroup section */
		281CA8D41951EC7E00E6BE96 /* InfoPlist.strings */ = {
			isa = PBXVariantGroup;
			children = (
				281CA8D51951EC7E00E6BE96 /* en */,
			);
			name = InfoPlist.strings;
			sourceTree = "<group>";
		};
		281CA8F61951EC7E00E6BE96 /* InfoPlist.strings */ = {
			isa = PBXVariantGroup;
			children = (
				281CA8F71951EC7E00E6BE96 /* en */,
			);
			name = InfoPlist.strings;
			sourceTree = "<group>";
		};
/* End PBXVariantGroup section */

/* Begin XCBuildConfiguration section */
		281CA8FB1951EC7E00E6BE96 /* Debug */ = {
			isa = XCBuildConfiguration;
			buildSettings = {
				ALWAYS_SEARCH_USER_PATHS = NO;
				CLANG_CXX_LANGUAGE_STANDARD = "gnu++0x";
				CLANG_CXX_LIBRARY = "libc++";
				CLANG_ENABLE_MODULES = YES;
				CLANG_ENABLE_OBJC_ARC = YES;
				CLANG_WARN_BOOL_CONVERSION = YES;
				CLANG_WARN_CONSTANT_CONVERSION = YES;
				CLANG_WARN_DIRECT_OBJC_ISA_USAGE = YES_ERROR;
				CLANG_WARN_EMPTY_BODY = YES;
				CLANG_WARN_ENUM_CONVERSION = YES;
				CLANG_WARN_INT_CONVERSION = YES;
				CLANG_WARN_OBJC_ROOT_CLASS = YES_ERROR;
				CLANG_WARN__DUPLICATE_METHOD_MATCH = YES;
				"CODE_SIGN_IDENTITY[sdk=iphoneos*]" = "iPhone Developer";
				COPY_PHASE_STRIP = NO;
				GCC_C_LANGUAGE_STANDARD = gnu99;
				GCC_DYNAMIC_NO_PIC = NO;
				GCC_OPTIMIZATION_LEVEL = 0;
				GCC_PREPROCESSOR_DEFINITIONS = (
					"DEBUG=1",
					"$(inherited)",
				);
				GCC_SYMBOLS_PRIVATE_EXTERN = NO;
				GCC_WARN_64_TO_32_BIT_CONVERSION = YES;
				GCC_WARN_ABOUT_RETURN_TYPE = YES_ERROR;
				GCC_WARN_UNDECLARED_SELECTOR = YES;
				GCC_WARN_UNINITIALIZED_AUTOS = YES_AGGRESSIVE;
				GCC_WARN_UNUSED_FUNCTION = YES;
				GCC_WARN_UNUSED_VARIABLE = YES;
				IPHONEOS_DEPLOYMENT_TARGET = 7.1;
				ONLY_ACTIVE_ARCH = YES;
				SDKROOT = iphoneos;
			};
			name = Debug;
		};
		281CA8FC1951EC7E00E6BE96 /* Release */ = {
			isa = XCBuildConfiguration;
			buildSettings = {
				ALWAYS_SEARCH_USER_PATHS = NO;
				CLANG_CXX_LANGUAGE_STANDARD = "gnu++0x";
				CLANG_CXX_LIBRARY = "libc++";
				CLANG_ENABLE_MODULES = YES;
				CLANG_ENABLE_OBJC_ARC = YES;
				CLANG_WARN_BOOL_CONVERSION = YES;
				CLANG_WARN_CONSTANT_CONVERSION = YES;
				CLANG_WARN_DIRECT_OBJC_ISA_USAGE = YES_ERROR;
				CLANG_WARN_EMPTY_BODY = YES;
				CLANG_WARN_ENUM_CONVERSION = YES;
				CLANG_WARN_INT_CONVERSION = YES;
				CLANG_WARN_OBJC_ROOT_CLASS = YES_ERROR;
				CLANG_WARN__DUPLICATE_METHOD_MATCH = YES;
				"CODE_SIGN_IDENTITY[sdk=iphoneos*]" = "iPhone Developer";
				COPY_PHASE_STRIP = YES;
				ENABLE_NS_ASSERTIONS = NO;
				GCC_C_LANGUAGE_STANDARD = gnu99;
				GCC_WARN_64_TO_32_BIT_CONVERSION = YES;
				GCC_WARN_ABOUT_RETURN_TYPE = YES_ERROR;
				GCC_WARN_UNDECLARED_SELECTOR = YES;
				GCC_WARN_UNINITIALIZED_AUTOS = YES_AGGRESSIVE;
				GCC_WARN_UNUSED_FUNCTION = YES;
				GCC_WARN_UNUSED_VARIABLE = YES;
				IPHONEOS_DEPLOYMENT_TARGET = 7.1;
				SDKROOT = iphoneos;
				VALIDATE_PRODUCT = YES;
			};
			name = Release;
		};
		281CA8FE1951EC7E00E6BE96 /* Debug */ = {
			isa = XCBuildConfiguration;
			baseConfigurationReference = 9A8630C0B2C871A275E84E6E /* Pods.debug.xcconfig */;
			buildSettings = {
				ASSETCATALOG_COMPILER_APPICON_NAME = AppIcon;
				ASSETCATALOG_COMPILER_LAUNCHIMAGE_NAME = LaunchImage;
				CODE_SIGN_IDENTITY = "iPhone Developer";
				"CODE_SIGN_IDENTITY[sdk=iphoneos*]" = "iPhone Developer";
				GCC_PRECOMPILE_PREFIX_HEADER = YES;
				GCC_PREFIX_HEADER = "Hippocampus/Hippocampus-Prefix.pch";
				INFOPLIST_FILE = "Hippocampus/Hippocampus-Info.plist";
				IPHONEOS_DEPLOYMENT_TARGET = 7.0;
				PRODUCT_NAME = "$(TARGET_NAME)";
				PROVISIONING_PROFILE = "";
				TARGETED_DEVICE_FAMILY = 1;
				WRAPPER_EXTENSION = app;
			};
			name = Debug;
		};
		281CA8FF1951EC7E00E6BE96 /* Release */ = {
			isa = XCBuildConfiguration;
			baseConfigurationReference = 48B234900A21648A78B84A3E /* Pods.release.xcconfig */;
			buildSettings = {
				ASSETCATALOG_COMPILER_APPICON_NAME = AppIcon;
				ASSETCATALOG_COMPILER_LAUNCHIMAGE_NAME = LaunchImage;
				CODE_SIGN_IDENTITY = "iPhone Developer";
				"CODE_SIGN_IDENTITY[sdk=iphoneos*]" = "iPhone Developer";
				GCC_PRECOMPILE_PREFIX_HEADER = YES;
				GCC_PREFIX_HEADER = "Hippocampus/Hippocampus-Prefix.pch";
				INFOPLIST_FILE = "Hippocampus/Hippocampus-Info.plist";
				IPHONEOS_DEPLOYMENT_TARGET = 7.0;
				PRODUCT_NAME = "$(TARGET_NAME)";
				PROVISIONING_PROFILE = "";
				TARGETED_DEVICE_FAMILY = 1;
				WRAPPER_EXTENSION = app;
			};
			name = Release;
		};
		281CA9011951EC7E00E6BE96 /* Debug */ = {
			isa = XCBuildConfiguration;
			buildSettings = {
				BUNDLE_LOADER = "$(BUILT_PRODUCTS_DIR)/Hippocampus.app/Hippocampus";
				FRAMEWORK_SEARCH_PATHS = (
					"$(SDKROOT)/Developer/Library/Frameworks",
					"$(inherited)",
					"$(DEVELOPER_FRAMEWORKS_DIR)",
				);
				GCC_PRECOMPILE_PREFIX_HEADER = YES;
				GCC_PREFIX_HEADER = "Hippocampus/Hippocampus-Prefix.pch";
				GCC_PREPROCESSOR_DEFINITIONS = (
					"DEBUG=1",
					"$(inherited)",
				);
				INFOPLIST_FILE = "HippocampusTests/HippocampusTests-Info.plist";
				PRODUCT_NAME = "$(TARGET_NAME)";
				TEST_HOST = "$(BUNDLE_LOADER)";
				WRAPPER_EXTENSION = xctest;
			};
			name = Debug;
		};
		281CA9021951EC7E00E6BE96 /* Release */ = {
			isa = XCBuildConfiguration;
			buildSettings = {
				BUNDLE_LOADER = "$(BUILT_PRODUCTS_DIR)/Hippocampus.app/Hippocampus";
				FRAMEWORK_SEARCH_PATHS = (
					"$(SDKROOT)/Developer/Library/Frameworks",
					"$(inherited)",
					"$(DEVELOPER_FRAMEWORKS_DIR)",
				);
				GCC_PRECOMPILE_PREFIX_HEADER = YES;
				GCC_PREFIX_HEADER = "Hippocampus/Hippocampus-Prefix.pch";
				INFOPLIST_FILE = "HippocampusTests/HippocampusTests-Info.plist";
				PRODUCT_NAME = "$(TARGET_NAME)";
				TEST_HOST = "$(BUNDLE_LOADER)";
				WRAPPER_EXTENSION = xctest;
			};
			name = Release;
		};
/* End XCBuildConfiguration section */

/* Begin XCConfigurationList section */
		281CA8C31951EC7E00E6BE96 /* Build configuration list for PBXProject "Hippocampus" */ = {
			isa = XCConfigurationList;
			buildConfigurations = (
				281CA8FB1951EC7E00E6BE96 /* Debug */,
				281CA8FC1951EC7E00E6BE96 /* Release */,
			);
			defaultConfigurationIsVisible = 0;
			defaultConfigurationName = Release;
		};
		281CA8FD1951EC7E00E6BE96 /* Build configuration list for PBXNativeTarget "Hippocampus" */ = {
			isa = XCConfigurationList;
			buildConfigurations = (
				281CA8FE1951EC7E00E6BE96 /* Debug */,
				281CA8FF1951EC7E00E6BE96 /* Release */,
			);
			defaultConfigurationIsVisible = 0;
			defaultConfigurationName = Release;
		};
		281CA9001951EC7E00E6BE96 /* Build configuration list for PBXNativeTarget "HippocampusTests" */ = {
			isa = XCConfigurationList;
			buildConfigurations = (
				281CA9011951EC7E00E6BE96 /* Debug */,
				281CA9021951EC7E00E6BE96 /* Release */,
			);
			defaultConfigurationIsVisible = 0;
			defaultConfigurationName = Release;
		};
/* End XCConfigurationList section */

/* Begin XCVersionGroup section */
		281CA90F1951F36700E6BE96 /* Model.xcdatamodeld */ = {
			isa = XCVersionGroup;
			children = (
				287423D11B0592B000A3242C /* Model 4.xcdatamodel */,
				76CA904A1AE154D600C6E400 /* Model 3.xcdatamodel */,
				28F5B8A81ACC378000C7F5BC /* Model 2.xcdatamodel */,
				281CA9101951F36700E6BE96 /* Model.xcdatamodel */,
			);
			currentVersion = 287423D11B0592B000A3242C /* Model 4.xcdatamodel */;
			path = Model.xcdatamodeld;
			sourceTree = "<group>";
			versionGroupType = wrapper.xcdatamodel;
		};
/* End XCVersionGroup section */
	};
	rootObject = 281CA8C01951EC7E00E6BE96 /* Project object */;
}
